// !$*UTF8*$!
{
	archiveVersion = 1;
	classes = {
	};
	objectVersion = 56;
	objects = {

/* Begin PBXBuildFile section */
		8B49FEB82B310842008881BB /* BagCheckbox.swift in Sources */ = {isa = PBXBuildFile; fileRef = 8B49FEB72B310842008881BB /* BagCheckbox.swift */; };
		8B49FEBC2B31140A008881BB /* BundlesListView.swift in Sources */ = {isa = PBXBuildFile; fileRef = 8B49FEBB2B31140A008881BB /* BundlesListView.swift */; };
		8B49FEBE2B3118C9008881BB /* EmptyBundlesListView.swift in Sources */ = {isa = PBXBuildFile; fileRef = 8B49FEBD2B3118C9008881BB /* EmptyBundlesListView.swift */; };
		8B49FEC02B311AA2008881BB /* BundlesListViewModel.swift in Sources */ = {isa = PBXBuildFile; fileRef = 8B49FEBF2B311AA2008881BB /* BundlesListViewModel.swift */; };
		8B49FEC22B311AE1008881BB /* ShoppingBundle.swift in Sources */ = {isa = PBXBuildFile; fileRef = 8B49FEC12B311AE1008881BB /* ShoppingBundle.swift */; };
		8B49FEC42B311BA9008881BB /* ShoppingBundleRepository.swift in Sources */ = {isa = PBXBuildFile; fileRef = 8B49FEC32B311BA9008881BB /* ShoppingBundleRepository.swift */; };
		8B49FECB2B326494008881BB /* BundlesNavigationView.swift in Sources */ = {isa = PBXBuildFile; fileRef = 8B49FECA2B326494008881BB /* BundlesNavigationView.swift */; };
		8B49FECD2B326515008881BB /* BundlesNavigationViewModel.swift in Sources */ = {isa = PBXBuildFile; fileRef = 8B49FECC2B326515008881BB /* BundlesNavigationViewModel.swift */; };
		8B49FED02B32709B008881BB /* BundleView.swift in Sources */ = {isa = PBXBuildFile; fileRef = 8B49FECF2B32709B008881BB /* BundleView.swift */; };
		8B49FED22B3270BA008881BB /* BundleViewModel.swift in Sources */ = {isa = PBXBuildFile; fileRef = 8B49FED12B3270BA008881BB /* BundleViewModel.swift */; };
		8B49FED52B3DC32D008881BB /* NewBundleModalView.swift in Sources */ = {isa = PBXBuildFile; fileRef = 8B49FED42B3DC32D008881BB /* NewBundleModalView.swift */; };
		8B49FED72B3DC369008881BB /* NewBundleModalViewModel.swift in Sources */ = {isa = PBXBuildFile; fileRef = 8B49FED62B3DC369008881BB /* NewBundleModalViewModel.swift */; };
		8B49FEDB2B3DD5A0008881BB /* ContainingItems.swift in Sources */ = {isa = PBXBuildFile; fileRef = 8B49FEDA2B3DD5A0008881BB /* ContainingItems.swift */; };
		8B49FEDD2B3FAAFB008881BB /* RemoveBundleButton.swift in Sources */ = {isa = PBXBuildFile; fileRef = 8B49FEDC2B3FAAFB008881BB /* RemoveBundleButton.swift */; };
		8B49FEDF2B3FAE11008881BB /* BundleTileView.swift in Sources */ = {isa = PBXBuildFile; fileRef = 8B49FEDE2B3FAE11008881BB /* BundleTileView.swift */; };
		8B49FEE12B3FAF50008881BB /* NewBundleTileView.swift in Sources */ = {isa = PBXBuildFile; fileRef = 8B49FEE02B3FAF50008881BB /* NewBundleTileView.swift */; };
		8B49FEE32B3FB15B008881BB /* AddBundleButton.swift in Sources */ = {isa = PBXBuildFile; fileRef = 8B49FEE22B3FB15B008881BB /* AddBundleButton.swift */; };
		8B49FEE72B3FB2CD008881BB /* AddBundleModalView.swift in Sources */ = {isa = PBXBuildFile; fileRef = 8B49FEE62B3FB2CD008881BB /* AddBundleModalView.swift */; };
		8B49FEE92B3FB2E2008881BB /* AddBundleModalViewModel.swift in Sources */ = {isa = PBXBuildFile; fileRef = 8B49FEE82B3FB2E2008881BB /* AddBundleModalViewModel.swift */; };
		8B49FEFB2B4CC3E3008881BB /* BundleToolbar.swift in Sources */ = {isa = PBXBuildFile; fileRef = 8B49FEFA2B4CC3E3008881BB /* BundleToolbar.swift */; };
		8B49FEFF2B4E3157008881BB /* DatabaseShoppingListRepository.swift in Sources */ = {isa = PBXBuildFile; fileRef = 8B49FEFE2B4E3157008881BB /* DatabaseShoppingListRepository.swift */; };
		8B49FF012B50C577008881BB /* StorageConfiguration.swift in Sources */ = {isa = PBXBuildFile; fileRef = 8B49FF002B50C577008881BB /* StorageConfiguration.swift */; };
		8B49FF032B50C765008881BB /* Repositories.swift in Sources */ = {isa = PBXBuildFile; fileRef = 8B49FF022B50C765008881BB /* Repositories.swift */; };
		8B7814812B2E945E00C472ED /* ClearDoneButton.swift in Sources */ = {isa = PBXBuildFile; fileRef = 8B7814802B2E945E00C472ED /* ClearDoneButton.swift */; };
		8B8C8F942B754675007C2364 /* NewItemModalViewModelTest.swift in Sources */ = {isa = PBXBuildFile; fileRef = 8B8C8F932B754675007C2364 /* NewItemModalViewModelTest.swift */; };
		8B8C8F982B754EDA007C2364 /* ListViewModelTest.swift in Sources */ = {isa = PBXBuildFile; fileRef = 8B8C8F972B754EDA007C2364 /* ListViewModelTest.swift */; };
		8B8C8F9A2B755A14007C2364 /* ShoppingListRepository.swift in Sources */ = {isa = PBXBuildFile; fileRef = 8B8C8F992B755A14007C2364 /* ShoppingListRepository.swift */; };
		8B8C8F9D2B755CA7007C2364 /* Mock.swift in Sources */ = {isa = PBXBuildFile; fileRef = 8B8C8F9C2B755CA7007C2364 /* Mock.swift */; };
		8B8C8F9F2B855EF8007C2364 /* ShoppingListRepositoryMock.swift in Sources */ = {isa = PBXBuildFile; fileRef = 8B8C8F9E2B855EF8007C2364 /* ShoppingListRepositoryMock.swift */; };
		8B8C8FA22B86A0A2007C2364 /* ShoppingListViewModelTest.swift in Sources */ = {isa = PBXBuildFile; fileRef = 8B8C8FA12B86A0A2007C2364 /* ShoppingListViewModelTest.swift */; };
		8BA0EFD72B8A9AFC00BFB9CB /* NewBundleModalViewModelTest.swift in Sources */ = {isa = PBXBuildFile; fileRef = 8BA0EFD62B8A9AFC00BFB9CB /* NewBundleModalViewModelTest.swift */; };
		8BA0EFDA2B8AABC100BFB9CB /* BundlesListViewModelTest.swift in Sources */ = {isa = PBXBuildFile; fileRef = 8BA0EFD92B8AABC100BFB9CB /* BundlesListViewModelTest.swift */; };
		8BAE16592B86B87C00656608 /* NewListModalViewModelTest.swift in Sources */ = {isa = PBXBuildFile; fileRef = 8BAE16582B86B87C00656608 /* NewListModalViewModelTest.swift */; };
		8BAE165D2B86BF5200656608 /* AddBundleModalViewModelTest.swift in Sources */ = {isa = PBXBuildFile; fileRef = 8BAE165C2B86BF5200656608 /* AddBundleModalViewModelTest.swift */; };
		8BAE165F2B86BFD300656608 /* DatabaseShoppingBundleRepository.swift in Sources */ = {isa = PBXBuildFile; fileRef = 8BAE165E2B86BFD300656608 /* DatabaseShoppingBundleRepository.swift */; };
		8BAE16612B86C0D800656608 /* ShoppingBundleRepositoryMock.swift in Sources */ = {isa = PBXBuildFile; fileRef = 8BAE16602B86C0D800656608 /* ShoppingBundleRepositoryMock.swift */; };
		8BAE16642B86C49D00656608 /* TestRequiresModelContextSync.swift in Sources */ = {isa = PBXBuildFile; fileRef = 8BAE16632B86C49D00656608 /* TestRequiresModelContextSync.swift */; };
		8BAE16662B86C77A00656608 /* Assertions.swift in Sources */ = {isa = PBXBuildFile; fileRef = 8BAE16652B86C77A00656608 /* Assertions.swift */; };
		8BD7E9D62B265962007B2FA5 /* ShoppingBuddy.swift in Sources */ = {isa = PBXBuildFile; fileRef = 8BD7E9D52B265962007B2FA5 /* ShoppingBuddy.swift */; };
		8BD7E9D82B265962007B2FA5 /* MainView.swift in Sources */ = {isa = PBXBuildFile; fileRef = 8BD7E9D72B265962007B2FA5 /* MainView.swift */; };
		8BD7E9DA2B265963007B2FA5 /* Assets.xcassets in Resources */ = {isa = PBXBuildFile; fileRef = 8BD7E9D92B265963007B2FA5 /* Assets.xcassets */; };
		8BD7E9DD2B265963007B2FA5 /* Preview Assets.xcassets in Resources */ = {isa = PBXBuildFile; fileRef = 8BD7E9DC2B265963007B2FA5 /* Preview Assets.xcassets */; };
		8BD7E9EA2B267038007B2FA5 /* ListView.swift in Sources */ = {isa = PBXBuildFile; fileRef = 8BD7E9E92B267038007B2FA5 /* ListView.swift */; };
		8BD7E9EC2B26719B007B2FA5 /* Mocks.swift in Sources */ = {isa = PBXBuildFile; fileRef = 8BD7E9EB2B26719B007B2FA5 /* Mocks.swift */; };
		8BD7E9EF2B26721D007B2FA5 /* ShoppingList.swift in Sources */ = {isa = PBXBuildFile; fileRef = 8BD7E9EE2B26721D007B2FA5 /* ShoppingList.swift */; };
		8BD7E9F22B26800D007B2FA5 /* ListElementView.swift in Sources */ = {isa = PBXBuildFile; fileRef = 8BD7E9F12B26800D007B2FA5 /* ListElementView.swift */; };
		8BD7E9F42B268797007B2FA5 /* ShoppingListView.swift in Sources */ = {isa = PBXBuildFile; fileRef = 8BD7E9F32B268797007B2FA5 /* ShoppingListView.swift */; };
		8BD7E9F62B268A9E007B2FA5 /* ListViewModel.swift in Sources */ = {isa = PBXBuildFile; fileRef = 8BD7E9F52B268A9E007B2FA5 /* ListViewModel.swift */; };
		8BD7E9F82B268CD0007B2FA5 /* LoadingView.swift in Sources */ = {isa = PBXBuildFile; fileRef = 8BD7E9F72B268CD0007B2FA5 /* LoadingView.swift */; };
		8BD7EA032B27D8E9007B2FA5 /* ShoppingListViewModel.swift in Sources */ = {isa = PBXBuildFile; fileRef = 8BD7EA022B27D8E9007B2FA5 /* ShoppingListViewModel.swift */; };
		8BD7EA082B293471007B2FA5 /* NewListModalView.swift in Sources */ = {isa = PBXBuildFile; fileRef = 8BD7EA072B293471007B2FA5 /* NewListModalView.swift */; };
		8BD7EA0A2B2934E0007B2FA5 /* NewListModalViewModel.swift in Sources */ = {isa = PBXBuildFile; fileRef = 8BD7EA092B2934E0007B2FA5 /* NewListModalViewModel.swift */; };
		8BD7EA0C2B2A764D007B2FA5 /* NewItemModalView.swift in Sources */ = {isa = PBXBuildFile; fileRef = 8BD7EA0B2B2A764D007B2FA5 /* NewItemModalView.swift */; };
		8BD7EA0F2B2A7676007B2FA5 /* NewItemModalViewModel.swift in Sources */ = {isa = PBXBuildFile; fileRef = 8BD7EA0E2B2A7676007B2FA5 /* NewItemModalViewModel.swift */; };
		8BD7EA112B2BD4F5007B2FA5 /* ShoppingListItemView.swift in Sources */ = {isa = PBXBuildFile; fileRef = 8BD7EA102B2BD4F5007B2FA5 /* ShoppingListItemView.swift */; };
		8BD7EA132B2BD779007B2FA5 /* AddItemButton.swift in Sources */ = {isa = PBXBuildFile; fileRef = 8BD7EA122B2BD779007B2FA5 /* AddItemButton.swift */; };
		8BFEDE3E2B2E8B43005BC621 /* Localizable.xcstrings in Resources */ = {isa = PBXBuildFile; fileRef = 8BFEDE3D2B2E8B43005BC621 /* Localizable.xcstrings */; };
		8BFEDE402B2E8EFD005BC621 /* EmptyShoppingListView.swift in Sources */ = {isa = PBXBuildFile; fileRef = 8BFEDE3F2B2E8EFD005BC621 /* EmptyShoppingListView.swift */; };
/* End PBXBuildFile section */

/* Begin PBXContainerItemProxy section */
		8B8C8F8B2B75439D007C2364 /* PBXContainerItemProxy */ = {
			isa = PBXContainerItemProxy;
			containerPortal = 8BD7E9CA2B265962007B2FA5 /* Project object */;
			proxyType = 1;
			remoteGlobalIDString = 8BD7E9D12B265962007B2FA5;
			remoteInfo = ShoppingBuddy;
		};
/* End PBXContainerItemProxy section */

/* Begin PBXFileReference section */
		8B49FEB72B310842008881BB /* BagCheckbox.swift */ = {isa = PBXFileReference; lastKnownFileType = sourcecode.swift; path = BagCheckbox.swift; sourceTree = "<group>"; };
		8B49FEBB2B31140A008881BB /* BundlesListView.swift */ = {isa = PBXFileReference; lastKnownFileType = sourcecode.swift; path = BundlesListView.swift; sourceTree = "<group>"; };
		8B49FEBD2B3118C9008881BB /* EmptyBundlesListView.swift */ = {isa = PBXFileReference; fileEncoding = 4; lastKnownFileType = sourcecode.swift; name = EmptyBundlesListView.swift; path = ShoppingBuddy/Views/Bundles/BundlesList/EmptyBundlesListView.swift; sourceTree = SOURCE_ROOT; };
		8B49FEBF2B311AA2008881BB /* BundlesListViewModel.swift */ = {isa = PBXFileReference; fileEncoding = 4; lastKnownFileType = sourcecode.swift; name = BundlesListViewModel.swift; path = ShoppingBuddy/Views/Bundles/BundlesList/BundlesListViewModel.swift; sourceTree = SOURCE_ROOT; };
		8B49FEC12B311AE1008881BB /* ShoppingBundle.swift */ = {isa = PBXFileReference; lastKnownFileType = sourcecode.swift; path = ShoppingBundle.swift; sourceTree = "<group>"; };
		8B49FEC32B311BA9008881BB /* ShoppingBundleRepository.swift */ = {isa = PBXFileReference; fileEncoding = 4; lastKnownFileType = sourcecode.swift; path = ShoppingBundleRepository.swift; sourceTree = "<group>"; };
		8B49FECA2B326494008881BB /* BundlesNavigationView.swift */ = {isa = PBXFileReference; lastKnownFileType = sourcecode.swift; path = BundlesNavigationView.swift; sourceTree = "<group>"; };
		8B49FECC2B326515008881BB /* BundlesNavigationViewModel.swift */ = {isa = PBXFileReference; fileEncoding = 4; lastKnownFileType = sourcecode.swift; name = BundlesNavigationViewModel.swift; path = ShoppingBuddy/Views/Bundles/BundlesNavigation/BundlesNavigationViewModel.swift; sourceTree = SOURCE_ROOT; };
		8B49FECF2B32709B008881BB /* BundleView.swift */ = {isa = PBXFileReference; lastKnownFileType = sourcecode.swift; path = BundleView.swift; sourceTree = "<group>"; };
		8B49FED12B3270BA008881BB /* BundleViewModel.swift */ = {isa = PBXFileReference; lastKnownFileType = sourcecode.swift; path = BundleViewModel.swift; sourceTree = "<group>"; };
		8B49FED42B3DC32D008881BB /* NewBundleModalView.swift */ = {isa = PBXFileReference; fileEncoding = 4; lastKnownFileType = sourcecode.swift; name = NewBundleModalView.swift; path = ShoppingBuddy/Views/Bundles/NewBundle/NewBundleModalView.swift; sourceTree = SOURCE_ROOT; };
		8B49FED62B3DC369008881BB /* NewBundleModalViewModel.swift */ = {isa = PBXFileReference; fileEncoding = 4; lastKnownFileType = sourcecode.swift; name = NewBundleModalViewModel.swift; path = ShoppingBuddy/Views/Bundles/NewBundle/NewBundleModalViewModel.swift; sourceTree = SOURCE_ROOT; };
		8B49FEDA2B3DD5A0008881BB /* ContainingItems.swift */ = {isa = PBXFileReference; lastKnownFileType = sourcecode.swift; path = ContainingItems.swift; sourceTree = "<group>"; };
		8B49FEDC2B3FAAFB008881BB /* RemoveBundleButton.swift */ = {isa = PBXFileReference; fileEncoding = 4; lastKnownFileType = sourcecode.swift; path = RemoveBundleButton.swift; sourceTree = "<group>"; };
		8B49FEDE2B3FAE11008881BB /* BundleTileView.swift */ = {isa = PBXFileReference; lastKnownFileType = sourcecode.swift; path = BundleTileView.swift; sourceTree = "<group>"; };
		8B49FEE02B3FAF50008881BB /* NewBundleTileView.swift */ = {isa = PBXFileReference; lastKnownFileType = sourcecode.swift; path = NewBundleTileView.swift; sourceTree = "<group>"; };
		8B49FEE22B3FB15B008881BB /* AddBundleButton.swift */ = {isa = PBXFileReference; fileEncoding = 4; lastKnownFileType = sourcecode.swift; path = AddBundleButton.swift; sourceTree = "<group>"; };
		8B49FEE62B3FB2CD008881BB /* AddBundleModalView.swift */ = {isa = PBXFileReference; lastKnownFileType = sourcecode.swift; path = AddBundleModalView.swift; sourceTree = "<group>"; };
		8B49FEE82B3FB2E2008881BB /* AddBundleModalViewModel.swift */ = {isa = PBXFileReference; lastKnownFileType = sourcecode.swift; path = AddBundleModalViewModel.swift; sourceTree = "<group>"; };
		8B49FEFA2B4CC3E3008881BB /* BundleToolbar.swift */ = {isa = PBXFileReference; lastKnownFileType = sourcecode.swift; path = BundleToolbar.swift; sourceTree = "<group>"; };
		8B49FEFE2B4E3157008881BB /* DatabaseShoppingListRepository.swift */ = {isa = PBXFileReference; lastKnownFileType = sourcecode.swift; path = DatabaseShoppingListRepository.swift; sourceTree = "<group>"; };
		8B49FF002B50C577008881BB /* StorageConfiguration.swift */ = {isa = PBXFileReference; lastKnownFileType = sourcecode.swift; path = StorageConfiguration.swift; sourceTree = "<group>"; };
		8B49FF022B50C765008881BB /* Repositories.swift */ = {isa = PBXFileReference; lastKnownFileType = sourcecode.swift; path = Repositories.swift; sourceTree = "<group>"; };
		8B7814802B2E945E00C472ED /* ClearDoneButton.swift */ = {isa = PBXFileReference; fileEncoding = 4; lastKnownFileType = sourcecode.swift; path = ClearDoneButton.swift; sourceTree = "<group>"; };
		8B8C8F872B75439D007C2364 /* ShoppingBuddyTests.xctest */ = {isa = PBXFileReference; explicitFileType = wrapper.cfbundle; includeInIndex = 0; path = ShoppingBuddyTests.xctest; sourceTree = BUILT_PRODUCTS_DIR; };
		8B8C8F932B754675007C2364 /* NewItemModalViewModelTest.swift */ = {isa = PBXFileReference; lastKnownFileType = sourcecode.swift; path = NewItemModalViewModelTest.swift; sourceTree = "<group>"; };
		8B8C8F972B754EDA007C2364 /* ListViewModelTest.swift */ = {isa = PBXFileReference; lastKnownFileType = sourcecode.swift; path = ListViewModelTest.swift; sourceTree = "<group>"; };
		8B8C8F992B755A14007C2364 /* ShoppingListRepository.swift */ = {isa = PBXFileReference; lastKnownFileType = sourcecode.swift; path = ShoppingListRepository.swift; sourceTree = "<group>"; };
		8B8C8F9C2B755CA7007C2364 /* Mock.swift */ = {isa = PBXFileReference; lastKnownFileType = sourcecode.swift; path = Mock.swift; sourceTree = "<group>"; };
		8B8C8F9E2B855EF8007C2364 /* ShoppingListRepositoryMock.swift */ = {isa = PBXFileReference; lastKnownFileType = sourcecode.swift; path = ShoppingListRepositoryMock.swift; sourceTree = "<group>"; };
		8B8C8FA12B86A0A2007C2364 /* ShoppingListViewModelTest.swift */ = {isa = PBXFileReference; lastKnownFileType = sourcecode.swift; path = ShoppingListViewModelTest.swift; sourceTree = "<group>"; };
		8BA0EFD62B8A9AFC00BFB9CB /* NewBundleModalViewModelTest.swift */ = {isa = PBXFileReference; lastKnownFileType = sourcecode.swift; path = NewBundleModalViewModelTest.swift; sourceTree = "<group>"; };
		8BA0EFD92B8AABC100BFB9CB /* BundlesListViewModelTest.swift */ = {isa = PBXFileReference; lastKnownFileType = sourcecode.swift; path = BundlesListViewModelTest.swift; sourceTree = "<group>"; };
		8BAE16582B86B87C00656608 /* NewListModalViewModelTest.swift */ = {isa = PBXFileReference; lastKnownFileType = sourcecode.swift; path = NewListModalViewModelTest.swift; sourceTree = "<group>"; };
		8BAE165C2B86BF5200656608 /* AddBundleModalViewModelTest.swift */ = {isa = PBXFileReference; lastKnownFileType = sourcecode.swift; path = AddBundleModalViewModelTest.swift; sourceTree = "<group>"; };
		8BAE165E2B86BFD300656608 /* DatabaseShoppingBundleRepository.swift */ = {isa = PBXFileReference; lastKnownFileType = sourcecode.swift; path = DatabaseShoppingBundleRepository.swift; sourceTree = "<group>"; };
		8BAE16602B86C0D800656608 /* ShoppingBundleRepositoryMock.swift */ = {isa = PBXFileReference; lastKnownFileType = sourcecode.swift; path = ShoppingBundleRepositoryMock.swift; sourceTree = "<group>"; };
		8BAE16632B86C49D00656608 /* TestRequiresModelContextSync.swift */ = {isa = PBXFileReference; lastKnownFileType = sourcecode.swift; path = TestRequiresModelContextSync.swift; sourceTree = "<group>"; };
		8BAE16652B86C77A00656608 /* Assertions.swift */ = {isa = PBXFileReference; lastKnownFileType = sourcecode.swift; path = Assertions.swift; sourceTree = "<group>"; };
		8BD7E9D22B265962007B2FA5 /* ShoppingBuddy.app */ = {isa = PBXFileReference; explicitFileType = wrapper.application; includeInIndex = 0; path = ShoppingBuddy.app; sourceTree = BUILT_PRODUCTS_DIR; };
		8BD7E9D52B265962007B2FA5 /* ShoppingBuddy.swift */ = {isa = PBXFileReference; lastKnownFileType = sourcecode.swift; path = ShoppingBuddy.swift; sourceTree = "<group>"; };
		8BD7E9D72B265962007B2FA5 /* MainView.swift */ = {isa = PBXFileReference; lastKnownFileType = sourcecode.swift; path = MainView.swift; sourceTree = "<group>"; };
		8BD7E9D92B265963007B2FA5 /* Assets.xcassets */ = {isa = PBXFileReference; lastKnownFileType = folder.assetcatalog; path = Assets.xcassets; sourceTree = "<group>"; };
		8BD7E9DC2B265963007B2FA5 /* Preview Assets.xcassets */ = {isa = PBXFileReference; lastKnownFileType = folder.assetcatalog; path = "Preview Assets.xcassets"; sourceTree = "<group>"; };
		8BD7E9E32B265D18007B2FA5 /* README.md */ = {isa = PBXFileReference; lastKnownFileType = net.daringfireball.markdown; path = README.md; sourceTree = "<group>"; };
		8BD7E9E92B267038007B2FA5 /* ListView.swift */ = {isa = PBXFileReference; lastKnownFileType = sourcecode.swift; path = ListView.swift; sourceTree = "<group>"; };
		8BD7E9EB2B26719B007B2FA5 /* Mocks.swift */ = {isa = PBXFileReference; lastKnownFileType = sourcecode.swift; path = Mocks.swift; sourceTree = "<group>"; };
		8BD7E9EE2B26721D007B2FA5 /* ShoppingList.swift */ = {isa = PBXFileReference; lastKnownFileType = sourcecode.swift; path = ShoppingList.swift; sourceTree = "<group>"; };
		8BD7E9F12B26800D007B2FA5 /* ListElementView.swift */ = {isa = PBXFileReference; lastKnownFileType = sourcecode.swift; path = ListElementView.swift; sourceTree = "<group>"; };
		8BD7E9F32B268797007B2FA5 /* ShoppingListView.swift */ = {isa = PBXFileReference; lastKnownFileType = sourcecode.swift; path = ShoppingListView.swift; sourceTree = "<group>"; };
		8BD7E9F52B268A9E007B2FA5 /* ListViewModel.swift */ = {isa = PBXFileReference; lastKnownFileType = sourcecode.swift; path = ListViewModel.swift; sourceTree = "<group>"; };
		8BD7E9F72B268CD0007B2FA5 /* LoadingView.swift */ = {isa = PBXFileReference; lastKnownFileType = sourcecode.swift; path = LoadingView.swift; sourceTree = "<group>"; };
		8BD7EA022B27D8E9007B2FA5 /* ShoppingListViewModel.swift */ = {isa = PBXFileReference; lastKnownFileType = sourcecode.swift; path = ShoppingListViewModel.swift; sourceTree = "<group>"; };
		8BD7EA072B293471007B2FA5 /* NewListModalView.swift */ = {isa = PBXFileReference; lastKnownFileType = sourcecode.swift; path = NewListModalView.swift; sourceTree = "<group>"; };
		8BD7EA092B2934E0007B2FA5 /* NewListModalViewModel.swift */ = {isa = PBXFileReference; lastKnownFileType = sourcecode.swift; path = NewListModalViewModel.swift; sourceTree = "<group>"; };
		8BD7EA0B2B2A764D007B2FA5 /* NewItemModalView.swift */ = {isa = PBXFileReference; fileEncoding = 4; lastKnownFileType = sourcecode.swift; path = NewItemModalView.swift; sourceTree = "<group>"; };
		8BD7EA0E2B2A7676007B2FA5 /* NewItemModalViewModel.swift */ = {isa = PBXFileReference; fileEncoding = 4; lastKnownFileType = sourcecode.swift; name = NewItemModalViewModel.swift; path = ShoppingBuddy/Views/Common/NewItem/NewItemModalViewModel.swift; sourceTree = SOURCE_ROOT; };
		8BD7EA102B2BD4F5007B2FA5 /* ShoppingListItemView.swift */ = {isa = PBXFileReference; lastKnownFileType = sourcecode.swift; path = ShoppingListItemView.swift; sourceTree = "<group>"; };
		8BD7EA122B2BD779007B2FA5 /* AddItemButton.swift */ = {isa = PBXFileReference; lastKnownFileType = sourcecode.swift; path = AddItemButton.swift; sourceTree = "<group>"; };
		8BFEDE3D2B2E8B43005BC621 /* Localizable.xcstrings */ = {isa = PBXFileReference; lastKnownFileType = text.json.xcstrings; path = Localizable.xcstrings; sourceTree = "<group>"; };
		8BFEDE3F2B2E8EFD005BC621 /* EmptyShoppingListView.swift */ = {isa = PBXFileReference; lastKnownFileType = sourcecode.swift; path = EmptyShoppingListView.swift; sourceTree = "<group>"; };
/* End PBXFileReference section */

/* Begin PBXFrameworksBuildPhase section */
		8B8C8F842B75439D007C2364 /* Frameworks */ = {
			isa = PBXFrameworksBuildPhase;
			buildActionMask = 2147483647;
			files = (
			);
			runOnlyForDeploymentPostprocessing = 0;
		};
		8BD7E9CF2B265962007B2FA5 /* Frameworks */ = {
			isa = PBXFrameworksBuildPhase;
			buildActionMask = 2147483647;
			files = (
			);
			runOnlyForDeploymentPostprocessing = 0;
		};
/* End PBXFrameworksBuildPhase section */

/* Begin PBXGroup section */
		8B49FEEE2B4CBF22008881BB /* Common */ = {
			isa = PBXGroup;
			children = (
				8B49FEEF2B4CBF2C008881BB /* NewItem */,
			);
			path = Common;
			sourceTree = "<group>";
		};
		8B49FEEF2B4CBF2C008881BB /* NewItem */ = {
			isa = PBXGroup;
			children = (
				8BD7EA0B2B2A764D007B2FA5 /* NewItemModalView.swift */,
				8BD7EA0E2B2A7676007B2FA5 /* NewItemModalViewModel.swift */,
			);
			path = NewItem;
			sourceTree = "<group>";
		};
		8B49FEF02B4CBF8B008881BB /* ShoppingLists */ = {
			isa = PBXGroup;
			children = (
				8B49FEF32B4CC012008881BB /* List */,
				8B49FEF22B4CBFD9008881BB /* ShoppingList */,
				8B49FEF12B4CBFAC008881BB /* NewList */,
			);
			path = ShoppingLists;
			sourceTree = "<group>";
		};
		8B49FEF12B4CBFAC008881BB /* NewList */ = {
			isa = PBXGroup;
			children = (
				8BD7EA072B293471007B2FA5 /* NewListModalView.swift */,
				8BD7EA092B2934E0007B2FA5 /* NewListModalViewModel.swift */,
			);
			path = NewList;
			sourceTree = "<group>";
		};
		8B49FEF22B4CBFD9008881BB /* ShoppingList */ = {
			isa = PBXGroup;
			children = (
				8BFEDE3F2B2E8EFD005BC621 /* EmptyShoppingListView.swift */,
				8BD7E9F32B268797007B2FA5 /* ShoppingListView.swift */,
				8BD7EA102B2BD4F5007B2FA5 /* ShoppingListItemView.swift */,
				8BD7EA022B27D8E9007B2FA5 /* ShoppingListViewModel.swift */,
				8BD7EA122B2BD779007B2FA5 /* AddItemButton.swift */,
				8B49FEE22B3FB15B008881BB /* AddBundleButton.swift */,
				8B7814802B2E945E00C472ED /* ClearDoneButton.swift */,
				8B49FEB72B310842008881BB /* BagCheckbox.swift */,
			);
			path = ShoppingList;
			sourceTree = "<group>";
		};
		8B49FEF32B4CC012008881BB /* List */ = {
			isa = PBXGroup;
			children = (
				8BD7E9E92B267038007B2FA5 /* ListView.swift */,
				8BD7E9F12B26800D007B2FA5 /* ListElementView.swift */,
				8BD7E9F52B268A9E007B2FA5 /* ListViewModel.swift */,
			);
			path = List;
			sourceTree = "<group>";
		};
		8B49FEF42B4CC0A2008881BB /* Bundles */ = {
			isa = PBXGroup;
			children = (
				8B49FEF92B4CC163008881BB /* AddBundle */,
				8B49FEF82B4CC14A008881BB /* NewBundle */,
				8B49FEF72B4CC137008881BB /* BundlesNavigation */,
				8B49FEF62B4CC113008881BB /* BundlesList */,
				8B49FEF52B4CC0F4008881BB /* Bundle */,
			);
			path = Bundles;
			sourceTree = "<group>";
		};
		8B49FEF52B4CC0F4008881BB /* Bundle */ = {
			isa = PBXGroup;
			children = (
				8B49FEDC2B3FAAFB008881BB /* RemoveBundleButton.swift */,
				8B49FECF2B32709B008881BB /* BundleView.swift */,
				8B49FED12B3270BA008881BB /* BundleViewModel.swift */,
				8B49FEFA2B4CC3E3008881BB /* BundleToolbar.swift */,
			);
			path = Bundle;
			sourceTree = "<group>";
		};
		8B49FEF62B4CC113008881BB /* BundlesList */ = {
			isa = PBXGroup;
			children = (
				8B49FEBF2B311AA2008881BB /* BundlesListViewModel.swift */,
				8B49FEBD2B3118C9008881BB /* EmptyBundlesListView.swift */,
				8B49FEBB2B31140A008881BB /* BundlesListView.swift */,
				8B49FEDE2B3FAE11008881BB /* BundleTileView.swift */,
				8B49FEE02B3FAF50008881BB /* NewBundleTileView.swift */,
			);
			path = BundlesList;
			sourceTree = "<group>";
		};
		8B49FEF72B4CC137008881BB /* BundlesNavigation */ = {
			isa = PBXGroup;
			children = (
				8B49FECC2B326515008881BB /* BundlesNavigationViewModel.swift */,
				8B49FECA2B326494008881BB /* BundlesNavigationView.swift */,
			);
			path = BundlesNavigation;
			sourceTree = "<group>";
		};
		8B49FEF82B4CC14A008881BB /* NewBundle */ = {
			isa = PBXGroup;
			children = (
				8B49FED62B3DC369008881BB /* NewBundleModalViewModel.swift */,
				8B49FED42B3DC32D008881BB /* NewBundleModalView.swift */,
			);
			path = NewBundle;
			sourceTree = "<group>";
		};
		8B49FEF92B4CC163008881BB /* AddBundle */ = {
			isa = PBXGroup;
			children = (
				8B49FEE62B3FB2CD008881BB /* AddBundleModalView.swift */,
				8B49FEE82B3FB2E2008881BB /* AddBundleModalViewModel.swift */,
			);
			path = AddBundle;
			sourceTree = "<group>";
		};
		8B8C8F882B75439D007C2364 /* ShoppingBuddyTests */ = {
			isa = PBXGroup;
			children = (
				8BAE16622B86C46200656608 /* Test */,
				8B8C8F9B2B755C41007C2364 /* Mocks */,
				8B8C8F902B754636007C2364 /* Views */,
			);
			path = ShoppingBuddyTests;
			sourceTree = "<group>";
		};
		8B8C8F902B754636007C2364 /* Views */ = {
			isa = PBXGroup;
			children = (
				8BAE165A2B86BF2600656608 /* Bundles */,
				8B8C8F952B754EB8007C2364 /* ShoppingLists */,
				8B8C8F912B754643007C2364 /* Common */,
			);
			path = Views;
			sourceTree = "<group>";
		};
		8B8C8F912B754643007C2364 /* Common */ = {
			isa = PBXGroup;
			children = (
				8B8C8F922B75464A007C2364 /* NewItem */,
			);
			path = Common;
			sourceTree = "<group>";
		};
		8B8C8F922B75464A007C2364 /* NewItem */ = {
			isa = PBXGroup;
			children = (
				8B8C8F932B754675007C2364 /* NewItemModalViewModelTest.swift */,
			);
			path = NewItem;
			sourceTree = "<group>";
		};
		8B8C8F952B754EB8007C2364 /* ShoppingLists */ = {
			isa = PBXGroup;
			children = (
				8BAE16572B86B86400656608 /* NewList */,
				8B8C8FA02B86A070007C2364 /* ShoppingList */,
				8B8C8F962B754EC3007C2364 /* List */,
			);
			path = ShoppingLists;
			sourceTree = "<group>";
		};
		8B8C8F962B754EC3007C2364 /* List */ = {
			isa = PBXGroup;
			children = (
				8B8C8F972B754EDA007C2364 /* ListViewModelTest.swift */,
			);
			path = List;
			sourceTree = "<group>";
		};
		8B8C8F9B2B755C41007C2364 /* Mocks */ = {
			isa = PBXGroup;
			children = (
				8B8C8F9C2B755CA7007C2364 /* Mock.swift */,
				8B8C8F9E2B855EF8007C2364 /* ShoppingListRepositoryMock.swift */,
				8BAE16602B86C0D800656608 /* ShoppingBundleRepositoryMock.swift */,
			);
			path = Mocks;
			sourceTree = "<group>";
		};
		8B8C8FA02B86A070007C2364 /* ShoppingList */ = {
			isa = PBXGroup;
			children = (
				8B8C8FA12B86A0A2007C2364 /* ShoppingListViewModelTest.swift */,
			);
			path = ShoppingList;
			sourceTree = "<group>";
		};
		8BA0EFD52B8A9AA100BFB9CB /* NewBundle */ = {
			isa = PBXGroup;
			children = (
				8BA0EFD62B8A9AFC00BFB9CB /* NewBundleModalViewModelTest.swift */,
			);
			path = NewBundle;
			sourceTree = "<group>";
		};
		8BA0EFD82B8AABA900BFB9CB /* BundlesList */ = {
			isa = PBXGroup;
			children = (
				8BA0EFD92B8AABC100BFB9CB /* BundlesListViewModelTest.swift */,
			);
			path = BundlesList;
			sourceTree = "<group>";
		};
		8BAE16572B86B86400656608 /* NewList */ = {
			isa = PBXGroup;
			children = (
				8BAE16582B86B87C00656608 /* NewListModalViewModelTest.swift */,
			);
			path = NewList;
			sourceTree = "<group>";
		};
		8BAE165A2B86BF2600656608 /* Bundles */ = {
			isa = PBXGroup;
			children = (
				8BA0EFD82B8AABA900BFB9CB /* BundlesList */,
				8BA0EFD52B8A9AA100BFB9CB /* NewBundle */,
				8BAE165B2B86BF3100656608 /* AddBundle */,
			);
			path = Bundles;
			sourceTree = "<group>";
		};
		8BAE165B2B86BF3100656608 /* AddBundle */ = {
			isa = PBXGroup;
			children = (
				8BAE165C2B86BF5200656608 /* AddBundleModalViewModelTest.swift */,
			);
			path = AddBundle;
			sourceTree = "<group>";
		};
		8BAE16622B86C46200656608 /* Test */ = {
			isa = PBXGroup;
			children = (
				8BAE16632B86C49D00656608 /* TestRequiresModelContextSync.swift */,
				8BAE16652B86C77A00656608 /* Assertions.swift */,
			);
			path = Test;
			sourceTree = "<group>";
		};
		8BD7E9C92B265962007B2FA5 = {
			isa = PBXGroup;
			children = (
				8BD7E9E32B265D18007B2FA5 /* README.md */,
				8B8C8F882B75439D007C2364 /* ShoppingBuddyTests */,
				8BD7E9D32B265962007B2FA5 /* Products */,
				8BD7E9D42B265962007B2FA5 /* ShoppingBuddy */,
			);
			sourceTree = "<group>";
		};
		8BD7E9D32B265962007B2FA5 /* Products */ = {
			isa = PBXGroup;
			children = (
				8BD7E9D22B265962007B2FA5 /* ShoppingBuddy.app */,
				8B8C8F872B75439D007C2364 /* ShoppingBuddyTests.xctest */,
			);
			name = Products;
			sourceTree = "<group>";
		};
		8BD7E9D42B265962007B2FA5 /* ShoppingBuddy */ = {
			isa = PBXGroup;
			children = (
				8BD7E9F92B27CFD4007B2FA5 /* Repositories */,
				8BD7E9ED2B2671CC007B2FA5 /* Models */,
				8BD7E9E42B266131007B2FA5 /* Views */,
				8BD7E9D52B265962007B2FA5 /* ShoppingBuddy.swift */,
				8BD7E9EB2B26719B007B2FA5 /* Mocks.swift */,
				8BD7E9D92B265963007B2FA5 /* Assets.xcassets */,
				8BFEDE3D2B2E8B43005BC621 /* Localizable.xcstrings */,
				8BD7E9DB2B265963007B2FA5 /* Preview Content */,
			);
			path = ShoppingBuddy;
			sourceTree = "<group>";
		};
		8BD7E9DB2B265963007B2FA5 /* Preview Content */ = {
			isa = PBXGroup;
			children = (
				8BD7E9DC2B265963007B2FA5 /* Preview Assets.xcassets */,
			);
			path = "Preview Content";
			sourceTree = "<group>";
		};
		8BD7E9E42B266131007B2FA5 /* Views */ = {
			isa = PBXGroup;
			children = (
				8B49FEEE2B4CBF22008881BB /* Common */,
				8B49FEF02B4CBF8B008881BB /* ShoppingLists */,
				8B49FEF42B4CC0A2008881BB /* Bundles */,
				8BD7E9F72B268CD0007B2FA5 /* LoadingView.swift */,
				8BD7E9D72B265962007B2FA5 /* MainView.swift */,
			);
			path = Views;
			sourceTree = "<group>";
		};
		8BD7E9ED2B2671CC007B2FA5 /* Models */ = {
			isa = PBXGroup;
			children = (
				8BD7E9EE2B26721D007B2FA5 /* ShoppingList.swift */,
				8B49FEC12B311AE1008881BB /* ShoppingBundle.swift */,
				8B49FEDA2B3DD5A0008881BB /* ContainingItems.swift */,
			);
			path = Models;
			sourceTree = "<group>";
		};
		8BD7E9F92B27CFD4007B2FA5 /* Repositories */ = {
			isa = PBXGroup;
			children = (
				8B49FEC32B311BA9008881BB /* ShoppingBundleRepository.swift */,
				8B49FEFE2B4E3157008881BB /* DatabaseShoppingListRepository.swift */,
				8B49FF002B50C577008881BB /* StorageConfiguration.swift */,
				8B49FF022B50C765008881BB /* Repositories.swift */,
				8B8C8F992B755A14007C2364 /* ShoppingListRepository.swift */,
				8BAE165E2B86BFD300656608 /* DatabaseShoppingBundleRepository.swift */,
			);
			path = Repositories;
			sourceTree = "<group>";
		};
/* End PBXGroup section */

/* Begin PBXNativeTarget section */
		8B8C8F862B75439D007C2364 /* ShoppingBuddyTests */ = {
			isa = PBXNativeTarget;
			buildConfigurationList = 8B8C8F8F2B75439D007C2364 /* Build configuration list for PBXNativeTarget "ShoppingBuddyTests" */;
			buildPhases = (
				8B8C8F832B75439D007C2364 /* Sources */,
				8B8C8F842B75439D007C2364 /* Frameworks */,
				8B8C8F852B75439D007C2364 /* Resources */,
			);
			buildRules = (
			);
			dependencies = (
				8B8C8F8C2B75439D007C2364 /* PBXTargetDependency */,
			);
			name = ShoppingBuddyTests;
			productName = ShoppingBuddyTests;
			productReference = 8B8C8F872B75439D007C2364 /* ShoppingBuddyTests.xctest */;
			productType = "com.apple.product-type.bundle.unit-test";
		};
		8BD7E9D12B265962007B2FA5 /* ShoppingBuddy */ = {
			isa = PBXNativeTarget;
			buildConfigurationList = 8BD7E9E02B265963007B2FA5 /* Build configuration list for PBXNativeTarget "ShoppingBuddy" */;
			buildPhases = (
				8BD7E9CE2B265962007B2FA5 /* Sources */,
				8BD7E9CF2B265962007B2FA5 /* Frameworks */,
				8BD7E9D02B265962007B2FA5 /* Resources */,
			);
			buildRules = (
			);
			dependencies = (
			);
			name = ShoppingBuddy;
			productName = ShoppingBuddy;
			productReference = 8BD7E9D22B265962007B2FA5 /* ShoppingBuddy.app */;
			productType = "com.apple.product-type.application";
		};
/* End PBXNativeTarget section */

/* Begin PBXProject section */
		8BD7E9CA2B265962007B2FA5 /* Project object */ = {
			isa = PBXProject;
			attributes = {
				BuildIndependentTargetsInParallel = 1;
				LastSwiftUpdateCheck = 1500;
				LastUpgradeCheck = 1500;
				TargetAttributes = {
					8B8C8F862B75439D007C2364 = {
						CreatedOnToolsVersion = 15.0.1;
						TestTargetID = 8BD7E9D12B265962007B2FA5;
					};
					8BD7E9D12B265962007B2FA5 = {
						CreatedOnToolsVersion = 15.0.1;
					};
				};
			};
			buildConfigurationList = 8BD7E9CD2B265962007B2FA5 /* Build configuration list for PBXProject "ShoppingBuddy" */;
			compatibilityVersion = "Xcode 14.0";
			developmentRegion = en;
			hasScannedForEncodings = 0;
			knownRegions = (
				en,
				pl,
			);
			mainGroup = 8BD7E9C92B265962007B2FA5;
			productRefGroup = 8BD7E9D32B265962007B2FA5 /* Products */;
			projectDirPath = "";
			projectRoot = "";
			targets = (
				8BD7E9D12B265962007B2FA5 /* ShoppingBuddy */,
				8B8C8F862B75439D007C2364 /* ShoppingBuddyTests */,
			);
		};
/* End PBXProject section */

/* Begin PBXResourcesBuildPhase section */
		8B8C8F852B75439D007C2364 /* Resources */ = {
			isa = PBXResourcesBuildPhase;
			buildActionMask = 2147483647;
			files = (
			);
			runOnlyForDeploymentPostprocessing = 0;
		};
		8BD7E9D02B265962007B2FA5 /* Resources */ = {
			isa = PBXResourcesBuildPhase;
			buildActionMask = 2147483647;
			files = (
				8BD7E9DD2B265963007B2FA5 /* Preview Assets.xcassets in Resources */,
				8BD7E9DA2B265963007B2FA5 /* Assets.xcassets in Resources */,
				8BFEDE3E2B2E8B43005BC621 /* Localizable.xcstrings in Resources */,
			);
			runOnlyForDeploymentPostprocessing = 0;
		};
/* End PBXResourcesBuildPhase section */

/* Begin PBXSourcesBuildPhase section */
		8B8C8F832B75439D007C2364 /* Sources */ = {
			isa = PBXSourcesBuildPhase;
			buildActionMask = 2147483647;
			files = (
				8BAE165D2B86BF5200656608 /* AddBundleModalViewModelTest.swift in Sources */,
				8B8C8F982B754EDA007C2364 /* ListViewModelTest.swift in Sources */,
				8BAE16592B86B87C00656608 /* NewListModalViewModelTest.swift in Sources */,
				8BAE16642B86C49D00656608 /* TestRequiresModelContextSync.swift in Sources */,
				8B8C8F942B754675007C2364 /* NewItemModalViewModelTest.swift in Sources */,
				8B8C8FA22B86A0A2007C2364 /* ShoppingListViewModelTest.swift in Sources */,
				8BA0EFDA2B8AABC100BFB9CB /* BundlesListViewModelTest.swift in Sources */,
				8BAE16612B86C0D800656608 /* ShoppingBundleRepositoryMock.swift in Sources */,
				8BA0EFD72B8A9AFC00BFB9CB /* NewBundleModalViewModelTest.swift in Sources */,
				8B8C8F9F2B855EF8007C2364 /* ShoppingListRepositoryMock.swift in Sources */,
				8BAE16662B86C77A00656608 /* Assertions.swift in Sources */,
				8B8C8F9D2B755CA7007C2364 /* Mock.swift in Sources */,
			);
			runOnlyForDeploymentPostprocessing = 0;
		};
		8BD7E9CE2B265962007B2FA5 /* Sources */ = {
			isa = PBXSourcesBuildPhase;
			buildActionMask = 2147483647;
			files = (
				8B49FEC02B311AA2008881BB /* BundlesListViewModel.swift in Sources */,
				8B49FED02B32709B008881BB /* BundleView.swift in Sources */,
				8B49FED22B3270BA008881BB /* BundleViewModel.swift in Sources */,
				8B49FECB2B326494008881BB /* BundlesNavigationView.swift in Sources */,
				8B49FEB82B310842008881BB /* BagCheckbox.swift in Sources */,
				8BD7E9EA2B267038007B2FA5 /* ListView.swift in Sources */,
				8BD7EA082B293471007B2FA5 /* NewListModalView.swift in Sources */,
				8B49FEDF2B3FAE11008881BB /* BundleTileView.swift in Sources */,
				8B49FECD2B326515008881BB /* BundlesNavigationViewModel.swift in Sources */,
				8B49FEDB2B3DD5A0008881BB /* ContainingItems.swift in Sources */,
				8BD7EA0A2B2934E0007B2FA5 /* NewListModalViewModel.swift in Sources */,
				8B49FEE12B3FAF50008881BB /* NewBundleTileView.swift in Sources */,
				8B49FEFF2B4E3157008881BB /* DatabaseShoppingListRepository.swift in Sources */,
				8BD7E9F42B268797007B2FA5 /* ShoppingListView.swift in Sources */,
				8B49FEBE2B3118C9008881BB /* EmptyBundlesListView.swift in Sources */,
				8BD7E9EF2B26721D007B2FA5 /* ShoppingList.swift in Sources */,
				8BD7E9F22B26800D007B2FA5 /* ListElementView.swift in Sources */,
				8BAE165F2B86BFD300656608 /* DatabaseShoppingBundleRepository.swift in Sources */,
				8B49FEE32B3FB15B008881BB /* AddBundleButton.swift in Sources */,
				8B49FF012B50C577008881BB /* StorageConfiguration.swift in Sources */,
				8B49FED72B3DC369008881BB /* NewBundleModalViewModel.swift in Sources */,
				8B49FEFB2B4CC3E3008881BB /* BundleToolbar.swift in Sources */,
				8B49FEDD2B3FAAFB008881BB /* RemoveBundleButton.swift in Sources */,
				8BD7EA132B2BD779007B2FA5 /* AddItemButton.swift in Sources */,
				8B8C8F9A2B755A14007C2364 /* ShoppingListRepository.swift in Sources */,
				8BD7E9D82B265962007B2FA5 /* MainView.swift in Sources */,
				8B49FEC42B311BA9008881BB /* ShoppingBundleRepository.swift in Sources */,
				8BD7E9D62B265962007B2FA5 /* ShoppingBuddy.swift in Sources */,
				8B49FF032B50C765008881BB /* Repositories.swift in Sources */,
				8BD7EA0F2B2A7676007B2FA5 /* NewItemModalViewModel.swift in Sources */,
				8BFEDE402B2E8EFD005BC621 /* EmptyShoppingListView.swift in Sources */,
				8BD7EA0C2B2A764D007B2FA5 /* NewItemModalView.swift in Sources */,
				8B49FEC22B311AE1008881BB /* ShoppingBundle.swift in Sources */,
				8B49FED52B3DC32D008881BB /* NewBundleModalView.swift in Sources */,
				8BD7EA112B2BD4F5007B2FA5 /* ShoppingListItemView.swift in Sources */,
				8BD7E9F62B268A9E007B2FA5 /* ListViewModel.swift in Sources */,
				8B49FEE72B3FB2CD008881BB /* AddBundleModalView.swift in Sources */,
				8B49FEE92B3FB2E2008881BB /* AddBundleModalViewModel.swift in Sources */,
				8BD7EA032B27D8E9007B2FA5 /* ShoppingListViewModel.swift in Sources */,
				8B49FEBC2B31140A008881BB /* BundlesListView.swift in Sources */,
				8BD7E9EC2B26719B007B2FA5 /* Mocks.swift in Sources */,
				8BD7E9F82B268CD0007B2FA5 /* LoadingView.swift in Sources */,
				8B7814812B2E945E00C472ED /* ClearDoneButton.swift in Sources */,
			);
			runOnlyForDeploymentPostprocessing = 0;
		};
/* End PBXSourcesBuildPhase section */

/* Begin PBXTargetDependency section */
		8B8C8F8C2B75439D007C2364 /* PBXTargetDependency */ = {
			isa = PBXTargetDependency;
			target = 8BD7E9D12B265962007B2FA5 /* ShoppingBuddy */;
			targetProxy = 8B8C8F8B2B75439D007C2364 /* PBXContainerItemProxy */;
		};
/* End PBXTargetDependency section */

/* Begin XCBuildConfiguration section */
		8B8C8F8D2B75439D007C2364 /* Debug */ = {
			isa = XCBuildConfiguration;
			buildSettings = {
				BUNDLE_LOADER = "$(TEST_HOST)";
				CODE_SIGN_STYLE = Automatic;
				CURRENT_PROJECT_VERSION = 1;
				DEVELOPMENT_TEAM = ZUXW52WVVM;
				GENERATE_INFOPLIST_FILE = YES;
				MARKETING_VERSION = 1.0;
				PRODUCT_BUNDLE_IDENTIFIER = io.peteef.ShoppingBuddyTests;
				PRODUCT_NAME = "$(TARGET_NAME)";
				SWIFT_EMIT_LOC_STRINGS = NO;
				SWIFT_VERSION = 5.0;
				TARGETED_DEVICE_FAMILY = "1,2";
				TEST_HOST = "$(BUILT_PRODUCTS_DIR)/ShoppingBuddy.app/$(BUNDLE_EXECUTABLE_FOLDER_PATH)/ShoppingBuddy";
			};
			name = Debug;
		};
		8B8C8F8E2B75439D007C2364 /* Release */ = {
			isa = XCBuildConfiguration;
			buildSettings = {
				BUNDLE_LOADER = "$(TEST_HOST)";
				CODE_SIGN_STYLE = Automatic;
				CURRENT_PROJECT_VERSION = 1;
				DEVELOPMENT_TEAM = ZUXW52WVVM;
				GENERATE_INFOPLIST_FILE = YES;
				MARKETING_VERSION = 1.0;
				PRODUCT_BUNDLE_IDENTIFIER = io.peteef.ShoppingBuddyTests;
				PRODUCT_NAME = "$(TARGET_NAME)";
				SWIFT_EMIT_LOC_STRINGS = NO;
				SWIFT_VERSION = 5.0;
				TARGETED_DEVICE_FAMILY = "1,2";
				TEST_HOST = "$(BUILT_PRODUCTS_DIR)/ShoppingBuddy.app/$(BUNDLE_EXECUTABLE_FOLDER_PATH)/ShoppingBuddy";
			};
			name = Release;
		};
		8BD7E9DE2B265963007B2FA5 /* Debug */ = {
			isa = XCBuildConfiguration;
			buildSettings = {
				ALWAYS_SEARCH_USER_PATHS = NO;
				ASSETCATALOG_COMPILER_GENERATE_SWIFT_ASSET_SYMBOL_EXTENSIONS = YES;
				CLANG_ANALYZER_NONNULL = YES;
				CLANG_ANALYZER_NUMBER_OBJECT_CONVERSION = YES_AGGRESSIVE;
				CLANG_CXX_LANGUAGE_STANDARD = "gnu++20";
				CLANG_ENABLE_MODULES = YES;
				CLANG_ENABLE_OBJC_ARC = YES;
				CLANG_ENABLE_OBJC_WEAK = YES;
				CLANG_WARN_BLOCK_CAPTURE_AUTORELEASING = YES;
				CLANG_WARN_BOOL_CONVERSION = YES;
				CLANG_WARN_COMMA = YES;
				CLANG_WARN_CONSTANT_CONVERSION = YES;
				CLANG_WARN_DEPRECATED_OBJC_IMPLEMENTATIONS = YES;
				CLANG_WARN_DIRECT_OBJC_ISA_USAGE = YES_ERROR;
				CLANG_WARN_DOCUMENTATION_COMMENTS = YES;
				CLANG_WARN_EMPTY_BODY = YES;
				CLANG_WARN_ENUM_CONVERSION = YES;
				CLANG_WARN_INFINITE_RECURSION = YES;
				CLANG_WARN_INT_CONVERSION = YES;
				CLANG_WARN_NON_LITERAL_NULL_CONVERSION = YES;
				CLANG_WARN_OBJC_IMPLICIT_RETAIN_SELF = YES;
				CLANG_WARN_OBJC_LITERAL_CONVERSION = YES;
				CLANG_WARN_OBJC_ROOT_CLASS = YES_ERROR;
				CLANG_WARN_QUOTED_INCLUDE_IN_FRAMEWORK_HEADER = YES;
				CLANG_WARN_RANGE_LOOP_ANALYSIS = YES;
				CLANG_WARN_STRICT_PROTOTYPES = YES;
				CLANG_WARN_SUSPICIOUS_MOVE = YES;
				CLANG_WARN_UNGUARDED_AVAILABILITY = YES_AGGRESSIVE;
				CLANG_WARN_UNREACHABLE_CODE = YES;
				CLANG_WARN__DUPLICATE_METHOD_MATCH = YES;
				COPY_PHASE_STRIP = NO;
				DEBUG_INFORMATION_FORMAT = dwarf;
				ENABLE_STRICT_OBJC_MSGSEND = YES;
				ENABLE_TESTABILITY = YES;
				ENABLE_USER_SCRIPT_SANDBOXING = YES;
				GCC_C_LANGUAGE_STANDARD = gnu17;
				GCC_DYNAMIC_NO_PIC = NO;
				GCC_NO_COMMON_BLOCKS = YES;
				GCC_OPTIMIZATION_LEVEL = 0;
				GCC_PREPROCESSOR_DEFINITIONS = (
					"DEBUG=1",
					"$(inherited)",
				);
				GCC_WARN_64_TO_32_BIT_CONVERSION = YES;
				GCC_WARN_ABOUT_RETURN_TYPE = YES_ERROR;
				GCC_WARN_UNDECLARED_SELECTOR = YES;
				GCC_WARN_UNINITIALIZED_AUTOS = YES_AGGRESSIVE;
				GCC_WARN_UNUSED_FUNCTION = YES;
				GCC_WARN_UNUSED_VARIABLE = YES;
				IPHONEOS_DEPLOYMENT_TARGET = 17.0;
				LOCALIZATION_PREFERS_STRING_CATALOGS = YES;
				MTL_ENABLE_DEBUG_INFO = INCLUDE_SOURCE;
				MTL_FAST_MATH = YES;
				ONLY_ACTIVE_ARCH = YES;
				SDKROOT = iphoneos;
				SWIFT_ACTIVE_COMPILATION_CONDITIONS = "DEBUG $(inherited)";
				SWIFT_OPTIMIZATION_LEVEL = "-Onone";
			};
			name = Debug;
		};
		8BD7E9DF2B265963007B2FA5 /* Release */ = {
			isa = XCBuildConfiguration;
			buildSettings = {
				ALWAYS_SEARCH_USER_PATHS = NO;
				ASSETCATALOG_COMPILER_GENERATE_SWIFT_ASSET_SYMBOL_EXTENSIONS = YES;
				CLANG_ANALYZER_NONNULL = YES;
				CLANG_ANALYZER_NUMBER_OBJECT_CONVERSION = YES_AGGRESSIVE;
				CLANG_CXX_LANGUAGE_STANDARD = "gnu++20";
				CLANG_ENABLE_MODULES = YES;
				CLANG_ENABLE_OBJC_ARC = YES;
				CLANG_ENABLE_OBJC_WEAK = YES;
				CLANG_WARN_BLOCK_CAPTURE_AUTORELEASING = YES;
				CLANG_WARN_BOOL_CONVERSION = YES;
				CLANG_WARN_COMMA = YES;
				CLANG_WARN_CONSTANT_CONVERSION = YES;
				CLANG_WARN_DEPRECATED_OBJC_IMPLEMENTATIONS = YES;
				CLANG_WARN_DIRECT_OBJC_ISA_USAGE = YES_ERROR;
				CLANG_WARN_DOCUMENTATION_COMMENTS = YES;
				CLANG_WARN_EMPTY_BODY = YES;
				CLANG_WARN_ENUM_CONVERSION = YES;
				CLANG_WARN_INFINITE_RECURSION = YES;
				CLANG_WARN_INT_CONVERSION = YES;
				CLANG_WARN_NON_LITERAL_NULL_CONVERSION = YES;
				CLANG_WARN_OBJC_IMPLICIT_RETAIN_SELF = YES;
				CLANG_WARN_OBJC_LITERAL_CONVERSION = YES;
				CLANG_WARN_OBJC_ROOT_CLASS = YES_ERROR;
				CLANG_WARN_QUOTED_INCLUDE_IN_FRAMEWORK_HEADER = YES;
				CLANG_WARN_RANGE_LOOP_ANALYSIS = YES;
				CLANG_WARN_STRICT_PROTOTYPES = YES;
				CLANG_WARN_SUSPICIOUS_MOVE = YES;
				CLANG_WARN_UNGUARDED_AVAILABILITY = YES_AGGRESSIVE;
				CLANG_WARN_UNREACHABLE_CODE = YES;
				CLANG_WARN__DUPLICATE_METHOD_MATCH = YES;
				COPY_PHASE_STRIP = NO;
				DEBUG_INFORMATION_FORMAT = "dwarf-with-dsym";
				ENABLE_NS_ASSERTIONS = NO;
				ENABLE_STRICT_OBJC_MSGSEND = YES;
				ENABLE_USER_SCRIPT_SANDBOXING = YES;
				GCC_C_LANGUAGE_STANDARD = gnu17;
				GCC_NO_COMMON_BLOCKS = YES;
				GCC_WARN_64_TO_32_BIT_CONVERSION = YES;
				GCC_WARN_ABOUT_RETURN_TYPE = YES_ERROR;
				GCC_WARN_UNDECLARED_SELECTOR = YES;
				GCC_WARN_UNINITIALIZED_AUTOS = YES_AGGRESSIVE;
				GCC_WARN_UNUSED_FUNCTION = YES;
				GCC_WARN_UNUSED_VARIABLE = YES;
				IPHONEOS_DEPLOYMENT_TARGET = 17.0;
				LOCALIZATION_PREFERS_STRING_CATALOGS = YES;
				MTL_ENABLE_DEBUG_INFO = NO;
				MTL_FAST_MATH = YES;
				SDKROOT = iphoneos;
				SWIFT_COMPILATION_MODE = wholemodule;
				VALIDATE_PRODUCT = YES;
			};
			name = Release;
		};
		8BD7E9E12B265963007B2FA5 /* Debug */ = {
			isa = XCBuildConfiguration;
			buildSettings = {
				ASSETCATALOG_COMPILER_APPICON_NAME = AppIcon;
				ASSETCATALOG_COMPILER_GLOBAL_ACCENT_COLOR_NAME = AccentColor;
				CODE_SIGN_STYLE = Automatic;
				CURRENT_PROJECT_VERSION = 1;
				DEVELOPMENT_ASSET_PATHS = "\"ShoppingBuddy/Preview Content\"";
				DEVELOPMENT_TEAM = ZUXW52WVVM;
				ENABLE_PREVIEWS = YES;
				GENERATE_INFOPLIST_FILE = YES;
				INFOPLIST_KEY_CFBundleDisplayName = ShoppingBuddy;
				INFOPLIST_KEY_UIApplicationSceneManifest_Generation = YES;
				INFOPLIST_KEY_UIApplicationSupportsIndirectInputEvents = YES;
				INFOPLIST_KEY_UILaunchScreen_Generation = YES;
				INFOPLIST_KEY_UISupportedInterfaceOrientations = "UIInterfaceOrientationLandscapeLeft UIInterfaceOrientationLandscapeRight UIInterfaceOrientationPortrait";
				INFOPLIST_KEY_UISupportedInterfaceOrientations_iPad = UIInterfaceOrientationPortrait;
				LD_RUNPATH_SEARCH_PATHS = (
					"$(inherited)",
					"@executable_path/Frameworks",
				);
				MARKETING_VERSION = 0.1;
				PRODUCT_BUNDLE_IDENTIFIER = io.peteef.ShoppingBuddy;
				PRODUCT_NAME = "$(TARGET_NAME)";
				SWIFT_EMIT_LOC_STRINGS = YES;
				SWIFT_VERSION = 5.0;
				TARGETED_DEVICE_FAMILY = "1,2";
			};
			name = Debug;
		};
		8BD7E9E22B265963007B2FA5 /* Release */ = {
			isa = XCBuildConfiguration;
			buildSettings = {
				ASSETCATALOG_COMPILER_APPICON_NAME = AppIcon;
				ASSETCATALOG_COMPILER_GLOBAL_ACCENT_COLOR_NAME = AccentColor;
				CODE_SIGN_STYLE = Automatic;
				CURRENT_PROJECT_VERSION = 1;
				DEVELOPMENT_ASSET_PATHS = "\"ShoppingBuddy/Preview Content\"";
				DEVELOPMENT_TEAM = ZUXW52WVVM;
				ENABLE_PREVIEWS = YES;
				GENERATE_INFOPLIST_FILE = YES;
				INFOPLIST_KEY_CFBundleDisplayName = ShoppingBuddy;
				INFOPLIST_KEY_UIApplicationSceneManifest_Generation = YES;
				INFOPLIST_KEY_UIApplicationSupportsIndirectInputEvents = YES;
				INFOPLIST_KEY_UILaunchScreen_Generation = YES;
				INFOPLIST_KEY_UISupportedInterfaceOrientations = "UIInterfaceOrientationLandscapeLeft UIInterfaceOrientationLandscapeRight UIInterfaceOrientationPortrait";
				INFOPLIST_KEY_UISupportedInterfaceOrientations_iPad = UIInterfaceOrientationPortrait;
				LD_RUNPATH_SEARCH_PATHS = (
					"$(inherited)",
					"@executable_path/Frameworks",
				);
				MARKETING_VERSION = 0.1;
				PRODUCT_BUNDLE_IDENTIFIER = io.peteef.ShoppingBuddy;
				PRODUCT_NAME = "$(TARGET_NAME)";
				SWIFT_EMIT_LOC_STRINGS = YES;
				SWIFT_VERSION = 5.0;
				TARGETED_DEVICE_FAMILY = "1,2";
			};
			name = Release;
		};
/* End XCBuildConfiguration section */

/* Begin XCConfigurationList section */
		8B8C8F8F2B75439D007C2364 /* Build configuration list for PBXNativeTarget "ShoppingBuddyTests" */ = {
			isa = XCConfigurationList;
			buildConfigurations = (
				8B8C8F8D2B75439D007C2364 /* Debug */,
				8B8C8F8E2B75439D007C2364 /* Release */,
			);
			defaultConfigurationIsVisible = 0;
			defaultConfigurationName = Release;
		};
		8BD7E9CD2B265962007B2FA5 /* Build configuration list for PBXProject "ShoppingBuddy" */ = {
			isa = XCConfigurationList;
			buildConfigurations = (
				8BD7E9DE2B265963007B2FA5 /* Debug */,
				8BD7E9DF2B265963007B2FA5 /* Release */,
			);
			defaultConfigurationIsVisible = 0;
			defaultConfigurationName = Release;
		};
		8BD7E9E02B265963007B2FA5 /* Build configuration list for PBXNativeTarget "ShoppingBuddy" */ = {
			isa = XCConfigurationList;
			buildConfigurations = (
				8BD7E9E12B265963007B2FA5 /* Debug */,
				8BD7E9E22B265963007B2FA5 /* Release */,
			);
			defaultConfigurationIsVisible = 0;
			defaultConfigurationName = Release;
		};
/* End XCConfigurationList section */
	};
	rootObject = 8BD7E9CA2B265962007B2FA5 /* Project object */;
}
