// !$*UTF8*$!
{
	archiveVersion = 1;
	classes = {
	};
	objectVersion = 56;
	objects = {

/* Begin PBXBuildFile section */
		8B49FEB82B310842008881BB /* BagCheckbox.swift in Sources */ = {isa = PBXBuildFile; fileRef = 8B49FEB72B310842008881BB /* BagCheckbox.swift */; };
		8B49FEBC2B31140A008881BB /* BundlesListView.swift in Sources */ = {isa = PBXBuildFile; fileRef = 8B49FEBB2B31140A008881BB /* BundlesListView.swift */; };
		8B49FEBE2B3118C9008881BB /* EmptyBundlesListView.swift in Sources */ = {isa = PBXBuildFile; fileRef = 8B49FEBD2B3118C9008881BB /* EmptyBundlesListView.swift */; };
		8B49FEC02B311AA2008881BB /* BundlesListViewModel.swift in Sources */ = {isa = PBXBuildFile; fileRef = 8B49FEBF2B311AA2008881BB /* BundlesListViewModel.swift */; };
		8B49FEC22B311AE1008881BB /* ShoppingBundle.swift in Sources */ = {isa = PBXBuildFile; fileRef = 8B49FEC12B311AE1008881BB /* ShoppingBundle.swift */; };
		8B49FEC42B311BA9008881BB /* ShoppingBundleRepository.swift in Sources */ = {isa = PBXBuildFile; fileRef = 8B49FEC32B311BA9008881BB /* ShoppingBundleRepository.swift */; };
		8B49FEC62B311BF5008881BB /* InMemoryShoppingBundleRepository.swift in Sources */ = {isa = PBXBuildFile; fileRef = 8B49FEC52B311BF5008881BB /* InMemoryShoppingBundleRepository.swift */; };
		8B49FEC82B311C37008881BB /* BundleError.swift in Sources */ = {isa = PBXBuildFile; fileRef = 8B49FEC72B311C37008881BB /* BundleError.swift */; };
		8B49FECB2B326494008881BB /* BundlesNavigationView.swift in Sources */ = {isa = PBXBuildFile; fileRef = 8B49FECA2B326494008881BB /* BundlesNavigationView.swift */; };
		8B49FECD2B326515008881BB /* BundlesNavigationViewModel.swift in Sources */ = {isa = PBXBuildFile; fileRef = 8B49FECC2B326515008881BB /* BundlesNavigationViewModel.swift */; };
		8B7814812B2E945E00C472ED /* ClearDoneButton.swift in Sources */ = {isa = PBXBuildFile; fileRef = 8B7814802B2E945E00C472ED /* ClearDoneButton.swift */; };
		8BD7E9D62B265962007B2FA5 /* ShoppingBuddy.swift in Sources */ = {isa = PBXBuildFile; fileRef = 8BD7E9D52B265962007B2FA5 /* ShoppingBuddy.swift */; };
		8BD7E9D82B265962007B2FA5 /* MainView.swift in Sources */ = {isa = PBXBuildFile; fileRef = 8BD7E9D72B265962007B2FA5 /* MainView.swift */; };
		8BD7E9DA2B265963007B2FA5 /* Assets.xcassets in Resources */ = {isa = PBXBuildFile; fileRef = 8BD7E9D92B265963007B2FA5 /* Assets.xcassets */; };
		8BD7E9DD2B265963007B2FA5 /* Preview Assets.xcassets in Resources */ = {isa = PBXBuildFile; fileRef = 8BD7E9DC2B265963007B2FA5 /* Preview Assets.xcassets */; };
		8BD7E9EA2B267038007B2FA5 /* ListView.swift in Sources */ = {isa = PBXBuildFile; fileRef = 8BD7E9E92B267038007B2FA5 /* ListView.swift */; };
		8BD7E9EC2B26719B007B2FA5 /* Mocks.swift in Sources */ = {isa = PBXBuildFile; fileRef = 8BD7E9EB2B26719B007B2FA5 /* Mocks.swift */; };
		8BD7E9EF2B26721D007B2FA5 /* ShoppingList.swift in Sources */ = {isa = PBXBuildFile; fileRef = 8BD7E9EE2B26721D007B2FA5 /* ShoppingList.swift */; };
		8BD7E9F22B26800D007B2FA5 /* ListElementView.swift in Sources */ = {isa = PBXBuildFile; fileRef = 8BD7E9F12B26800D007B2FA5 /* ListElementView.swift */; };
		8BD7E9F42B268797007B2FA5 /* ShoppingListView.swift in Sources */ = {isa = PBXBuildFile; fileRef = 8BD7E9F32B268797007B2FA5 /* ShoppingListView.swift */; };
		8BD7E9F62B268A9E007B2FA5 /* ListViewModel.swift in Sources */ = {isa = PBXBuildFile; fileRef = 8BD7E9F52B268A9E007B2FA5 /* ListViewModel.swift */; };
		8BD7E9F82B268CD0007B2FA5 /* LoadingView.swift in Sources */ = {isa = PBXBuildFile; fileRef = 8BD7E9F72B268CD0007B2FA5 /* LoadingView.swift */; };
		8BD7E9FB2B27D03B007B2FA5 /* ShoppingListRepository.swift in Sources */ = {isa = PBXBuildFile; fileRef = 8BD7E9FA2B27D03B007B2FA5 /* ShoppingListRepository.swift */; };
		8BD7E9FD2B27D109007B2FA5 /* InMemoryShoppingListRepository.swift in Sources */ = {isa = PBXBuildFile; fileRef = 8BD7E9FC2B27D109007B2FA5 /* InMemoryShoppingListRepository.swift */; };
		8BD7E9FF2B27D562007B2FA5 /* ShoppingListError.swift in Sources */ = {isa = PBXBuildFile; fileRef = 8BD7E9FE2B27D562007B2FA5 /* ShoppingListError.swift */; };
		8BD7EA032B27D8E9007B2FA5 /* ShoppingListViewModel.swift in Sources */ = {isa = PBXBuildFile; fileRef = 8BD7EA022B27D8E9007B2FA5 /* ShoppingListViewModel.swift */; };
		8BD7EA052B27F896007B2FA5 /* InMemoryRepository.swift in Sources */ = {isa = PBXBuildFile; fileRef = 8BD7EA042B27F896007B2FA5 /* InMemoryRepository.swift */; };
		8BD7EA082B293471007B2FA5 /* NewListModalView.swift in Sources */ = {isa = PBXBuildFile; fileRef = 8BD7EA072B293471007B2FA5 /* NewListModalView.swift */; };
		8BD7EA0A2B2934E0007B2FA5 /* NewListModalViewModel.swift in Sources */ = {isa = PBXBuildFile; fileRef = 8BD7EA092B2934E0007B2FA5 /* NewListModalViewModel.swift */; };
		8BD7EA0C2B2A764D007B2FA5 /* NewItemModalView.swift in Sources */ = {isa = PBXBuildFile; fileRef = 8BD7EA0B2B2A764D007B2FA5 /* NewItemModalView.swift */; };
		8BD7EA0F2B2A7676007B2FA5 /* NewItemModalViewModel.swift in Sources */ = {isa = PBXBuildFile; fileRef = 8BD7EA0E2B2A7676007B2FA5 /* NewItemModalViewModel.swift */; };
		8BD7EA112B2BD4F5007B2FA5 /* ShoppingListItemView.swift in Sources */ = {isa = PBXBuildFile; fileRef = 8BD7EA102B2BD4F5007B2FA5 /* ShoppingListItemView.swift */; };
		8BD7EA132B2BD779007B2FA5 /* AddItemButton.swift in Sources */ = {isa = PBXBuildFile; fileRef = 8BD7EA122B2BD779007B2FA5 /* AddItemButton.swift */; };
		8BFEDE3E2B2E8B43005BC621 /* Localizable.xcstrings in Resources */ = {isa = PBXBuildFile; fileRef = 8BFEDE3D2B2E8B43005BC621 /* Localizable.xcstrings */; };
		8BFEDE402B2E8EFD005BC621 /* EmptyShoppingListView.swift in Sources */ = {isa = PBXBuildFile; fileRef = 8BFEDE3F2B2E8EFD005BC621 /* EmptyShoppingListView.swift */; };
/* End PBXBuildFile section */

/* Begin PBXFileReference section */
		8B49FEB72B310842008881BB /* BagCheckbox.swift */ = {isa = PBXFileReference; lastKnownFileType = sourcecode.swift; path = BagCheckbox.swift; sourceTree = "<group>"; };
		8B49FEBB2B31140A008881BB /* BundlesListView.swift */ = {isa = PBXFileReference; lastKnownFileType = sourcecode.swift; path = BundlesListView.swift; sourceTree = "<group>"; };
		8B49FEBD2B3118C9008881BB /* EmptyBundlesListView.swift */ = {isa = PBXFileReference; fileEncoding = 4; lastKnownFileType = sourcecode.swift; name = EmptyBundlesListView.swift; path = ShoppingBuddy/Views/ShoppingList/EmptyBundlesListView.swift; sourceTree = SOURCE_ROOT; };
		8B49FEBF2B311AA2008881BB /* BundlesListViewModel.swift */ = {isa = PBXFileReference; fileEncoding = 4; lastKnownFileType = sourcecode.swift; name = BundlesListViewModel.swift; path = ShoppingBuddy/Views/List/BundlesListViewModel.swift; sourceTree = SOURCE_ROOT; };
		8B49FEC12B311AE1008881BB /* ShoppingBundle.swift */ = {isa = PBXFileReference; lastKnownFileType = sourcecode.swift; path = ShoppingBundle.swift; sourceTree = "<group>"; };
		8B49FEC32B311BA9008881BB /* ShoppingBundleRepository.swift */ = {isa = PBXFileReference; fileEncoding = 4; lastKnownFileType = sourcecode.swift; path = ShoppingBundleRepository.swift; sourceTree = "<group>"; };
		8B49FEC52B311BF5008881BB /* InMemoryShoppingBundleRepository.swift */ = {isa = PBXFileReference; fileEncoding = 4; lastKnownFileType = sourcecode.swift; path = InMemoryShoppingBundleRepository.swift; sourceTree = "<group>"; };
		8B49FEC72B311C37008881BB /* BundleError.swift */ = {isa = PBXFileReference; fileEncoding = 4; lastKnownFileType = sourcecode.swift; path = BundleError.swift; sourceTree = "<group>"; };
		8B49FECA2B326494008881BB /* BundlesNavigationView.swift */ = {isa = PBXFileReference; lastKnownFileType = sourcecode.swift; path = BundlesNavigationView.swift; sourceTree = "<group>"; };
		8B49FECC2B326515008881BB /* BundlesNavigationViewModel.swift */ = {isa = PBXFileReference; fileEncoding = 4; lastKnownFileType = sourcecode.swift; name = BundlesNavigationViewModel.swift; path = ShoppingBuddy/Views/List/BundlesNavigationViewModel.swift; sourceTree = SOURCE_ROOT; };
		8B7814802B2E945E00C472ED /* ClearDoneButton.swift */ = {isa = PBXFileReference; fileEncoding = 4; lastKnownFileType = sourcecode.swift; path = ClearDoneButton.swift; sourceTree = "<group>"; };
		8BD7E9D22B265962007B2FA5 /* ShoppingBuddy.app */ = {isa = PBXFileReference; explicitFileType = wrapper.application; includeInIndex = 0; path = ShoppingBuddy.app; sourceTree = BUILT_PRODUCTS_DIR; };
		8BD7E9D52B265962007B2FA5 /* ShoppingBuddy.swift */ = {isa = PBXFileReference; lastKnownFileType = sourcecode.swift; path = ShoppingBuddy.swift; sourceTree = "<group>"; };
		8BD7E9D72B265962007B2FA5 /* MainView.swift */ = {isa = PBXFileReference; lastKnownFileType = sourcecode.swift; path = MainView.swift; sourceTree = "<group>"; };
		8BD7E9D92B265963007B2FA5 /* Assets.xcassets */ = {isa = PBXFileReference; lastKnownFileType = folder.assetcatalog; path = Assets.xcassets; sourceTree = "<group>"; };
		8BD7E9DC2B265963007B2FA5 /* Preview Assets.xcassets */ = {isa = PBXFileReference; lastKnownFileType = folder.assetcatalog; path = "Preview Assets.xcassets"; sourceTree = "<group>"; };
		8BD7E9E32B265D18007B2FA5 /* README.md */ = {isa = PBXFileReference; lastKnownFileType = net.daringfireball.markdown; path = README.md; sourceTree = "<group>"; };
		8BD7E9E92B267038007B2FA5 /* ListView.swift */ = {isa = PBXFileReference; lastKnownFileType = sourcecode.swift; path = ListView.swift; sourceTree = "<group>"; };
		8BD7E9EB2B26719B007B2FA5 /* Mocks.swift */ = {isa = PBXFileReference; lastKnownFileType = sourcecode.swift; path = Mocks.swift; sourceTree = "<group>"; };
		8BD7E9EE2B26721D007B2FA5 /* ShoppingList.swift */ = {isa = PBXFileReference; lastKnownFileType = sourcecode.swift; path = ShoppingList.swift; sourceTree = "<group>"; };
		8BD7E9F12B26800D007B2FA5 /* ListElementView.swift */ = {isa = PBXFileReference; lastKnownFileType = sourcecode.swift; path = ListElementView.swift; sourceTree = "<group>"; };
		8BD7E9F32B268797007B2FA5 /* ShoppingListView.swift */ = {isa = PBXFileReference; lastKnownFileType = sourcecode.swift; path = ShoppingListView.swift; sourceTree = "<group>"; };
		8BD7E9F52B268A9E007B2FA5 /* ListViewModel.swift */ = {isa = PBXFileReference; lastKnownFileType = sourcecode.swift; path = ListViewModel.swift; sourceTree = "<group>"; };
		8BD7E9F72B268CD0007B2FA5 /* LoadingView.swift */ = {isa = PBXFileReference; lastKnownFileType = sourcecode.swift; path = LoadingView.swift; sourceTree = "<group>"; };
		8BD7E9FA2B27D03B007B2FA5 /* ShoppingListRepository.swift */ = {isa = PBXFileReference; lastKnownFileType = sourcecode.swift; path = ShoppingListRepository.swift; sourceTree = "<group>"; };
		8BD7E9FC2B27D109007B2FA5 /* InMemoryShoppingListRepository.swift */ = {isa = PBXFileReference; lastKnownFileType = sourcecode.swift; path = InMemoryShoppingListRepository.swift; sourceTree = "<group>"; };
		8BD7E9FE2B27D562007B2FA5 /* ShoppingListError.swift */ = {isa = PBXFileReference; lastKnownFileType = sourcecode.swift; path = ShoppingListError.swift; sourceTree = "<group>"; };
		8BD7EA022B27D8E9007B2FA5 /* ShoppingListViewModel.swift */ = {isa = PBXFileReference; lastKnownFileType = sourcecode.swift; path = ShoppingListViewModel.swift; sourceTree = "<group>"; };
		8BD7EA042B27F896007B2FA5 /* InMemoryRepository.swift */ = {isa = PBXFileReference; lastKnownFileType = sourcecode.swift; path = InMemoryRepository.swift; sourceTree = "<group>"; };
		8BD7EA072B293471007B2FA5 /* NewListModalView.swift */ = {isa = PBXFileReference; lastKnownFileType = sourcecode.swift; path = NewListModalView.swift; sourceTree = "<group>"; };
		8BD7EA092B2934E0007B2FA5 /* NewListModalViewModel.swift */ = {isa = PBXFileReference; lastKnownFileType = sourcecode.swift; path = NewListModalViewModel.swift; sourceTree = "<group>"; };
		8BD7EA0B2B2A764D007B2FA5 /* NewItemModalView.swift */ = {isa = PBXFileReference; fileEncoding = 4; lastKnownFileType = sourcecode.swift; path = NewItemModalView.swift; sourceTree = "<group>"; };
		8BD7EA0E2B2A7676007B2FA5 /* NewItemModalViewModel.swift */ = {isa = PBXFileReference; fileEncoding = 4; lastKnownFileType = sourcecode.swift; name = NewItemModalViewModel.swift; path = ShoppingBuddy/Views/NewList/NewItemModalViewModel.swift; sourceTree = SOURCE_ROOT; };
		8BD7EA102B2BD4F5007B2FA5 /* ShoppingListItemView.swift */ = {isa = PBXFileReference; lastKnownFileType = sourcecode.swift; path = ShoppingListItemView.swift; sourceTree = "<group>"; };
		8BD7EA122B2BD779007B2FA5 /* AddItemButton.swift */ = {isa = PBXFileReference; lastKnownFileType = sourcecode.swift; path = AddItemButton.swift; sourceTree = "<group>"; };
		8BFEDE3D2B2E8B43005BC621 /* Localizable.xcstrings */ = {isa = PBXFileReference; lastKnownFileType = text.json.xcstrings; path = Localizable.xcstrings; sourceTree = "<group>"; };
		8BFEDE3F2B2E8EFD005BC621 /* EmptyShoppingListView.swift */ = {isa = PBXFileReference; lastKnownFileType = sourcecode.swift; path = EmptyShoppingListView.swift; sourceTree = "<group>"; };
/* End PBXFileReference section */

/* Begin PBXFrameworksBuildPhase section */
		8BD7E9CF2B265962007B2FA5 /* Frameworks */ = {
			isa = PBXFrameworksBuildPhase;
			buildActionMask = 2147483647;
			files = (
			);
			runOnlyForDeploymentPostprocessing = 0;
		};
/* End PBXFrameworksBuildPhase section */

/* Begin PBXGroup section */
		8B49FEBA2B3113A6008881BB /* BundlesList */ = {
			isa = PBXGroup;
			children = (
				8B49FEBF2B311AA2008881BB /* BundlesListViewModel.swift */,
				8B49FEBD2B3118C9008881BB /* EmptyBundlesListView.swift */,
				8B49FEBB2B31140A008881BB /* BundlesListView.swift */,
			);
			path = BundlesList;
			sourceTree = "<group>";
		};
		8B49FEC92B326476008881BB /* BundlesNavigation */ = {
			isa = PBXGroup;
			children = (
				8B49FECC2B326515008881BB /* BundlesNavigationViewModel.swift */,
				8B49FECA2B326494008881BB /* BundlesNavigationView.swift */,
			);
			path = BundlesNavigation;
			sourceTree = "<group>";
		};
		8BD7E9C92B265962007B2FA5 = {
			isa = PBXGroup;
			children = (
				8BD7E9E32B265D18007B2FA5 /* README.md */,
				8BD7E9D32B265962007B2FA5 /* Products */,
				8BD7E9D42B265962007B2FA5 /* ShoppingBuddy */,
			);
			sourceTree = "<group>";
		};
		8BD7E9D32B265962007B2FA5 /* Products */ = {
			isa = PBXGroup;
			children = (
				8BD7E9D22B265962007B2FA5 /* ShoppingBuddy.app */,
			);
			name = Products;
			sourceTree = "<group>";
		};
		8BD7E9D42B265962007B2FA5 /* ShoppingBuddy */ = {
			isa = PBXGroup;
			children = (
				8BD7EA002B27D836007B2FA5 /* Errors */,
				8BD7E9F92B27CFD4007B2FA5 /* Repositories */,
				8BD7E9ED2B2671CC007B2FA5 /* Models */,
				8BD7E9E42B266131007B2FA5 /* Views */,
				8BD7E9D52B265962007B2FA5 /* ShoppingBuddy.swift */,
				8BD7E9EB2B26719B007B2FA5 /* Mocks.swift */,
				8BD7E9D92B265963007B2FA5 /* Assets.xcassets */,
				8BFEDE3D2B2E8B43005BC621 /* Localizable.xcstrings */,
				8BD7E9DB2B265963007B2FA5 /* Preview Content */,
			);
			path = ShoppingBuddy;
			sourceTree = "<group>";
		};
		8BD7E9DB2B265963007B2FA5 /* Preview Content */ = {
			isa = PBXGroup;
			children = (
				8BD7E9DC2B265963007B2FA5 /* Preview Assets.xcassets */,
			);
			path = "Preview Content";
			sourceTree = "<group>";
		};
		8BD7E9E42B266131007B2FA5 /* Views */ = {
			isa = PBXGroup;
			children = (
				8B49FEC92B326476008881BB /* BundlesNavigation */,
				8B49FEBA2B3113A6008881BB /* BundlesList */,
				8BD7EA0D2B2A7652007B2FA5 /* NewItem */,
				8BD7EA062B29345B007B2FA5 /* NewList */,
				8BD7EA012B27D893007B2FA5 /* ShoppingList */,
				8BD7E9F02B267FE4007B2FA5 /* List */,
				8BD7E9D72B265962007B2FA5 /* MainView.swift */,
				8BD7E9F72B268CD0007B2FA5 /* LoadingView.swift */,
			);
			path = Views;
			sourceTree = "<group>";
		};
		8BD7E9ED2B2671CC007B2FA5 /* Models */ = {
			isa = PBXGroup;
			children = (
				8BD7E9EE2B26721D007B2FA5 /* ShoppingList.swift */,
				8B49FEC12B311AE1008881BB /* ShoppingBundle.swift */,
			);
			path = Models;
			sourceTree = "<group>";
		};
		8BD7E9F02B267FE4007B2FA5 /* List */ = {
			isa = PBXGroup;
			children = (
				8BD7E9E92B267038007B2FA5 /* ListView.swift */,
				8BD7E9F12B26800D007B2FA5 /* ListElementView.swift */,
				8BD7E9F52B268A9E007B2FA5 /* ListViewModel.swift */,
			);
			path = List;
			sourceTree = "<group>";
		};
		8BD7E9F92B27CFD4007B2FA5 /* Repositories */ = {
			isa = PBXGroup;
			children = (
				8BD7E9FA2B27D03B007B2FA5 /* ShoppingListRepository.swift */,
				8B49FEC32B311BA9008881BB /* ShoppingBundleRepository.swift */,
				8BD7E9FC2B27D109007B2FA5 /* InMemoryShoppingListRepository.swift */,
				8B49FEC52B311BF5008881BB /* InMemoryShoppingBundleRepository.swift */,
				8BD7EA042B27F896007B2FA5 /* InMemoryRepository.swift */,
			);
			path = Repositories;
			sourceTree = "<group>";
		};
		8BD7EA002B27D836007B2FA5 /* Errors */ = {
			isa = PBXGroup;
			children = (
				8BD7E9FE2B27D562007B2FA5 /* ShoppingListError.swift */,
				8B49FEC72B311C37008881BB /* BundleError.swift */,
			);
			path = Errors;
			sourceTree = "<group>";
		};
		8BD7EA012B27D893007B2FA5 /* ShoppingList */ = {
			isa = PBXGroup;
			children = (
				8BD7E9F32B268797007B2FA5 /* ShoppingListView.swift */,
				8BD7EA102B2BD4F5007B2FA5 /* ShoppingListItemView.swift */,
				8BD7EA022B27D8E9007B2FA5 /* ShoppingListViewModel.swift */,
				8BD7EA122B2BD779007B2FA5 /* AddItemButton.swift */,
				8B7814802B2E945E00C472ED /* ClearDoneButton.swift */,
				8BFEDE3F2B2E8EFD005BC621 /* EmptyShoppingListView.swift */,
				8B49FEB72B310842008881BB /* BagCheckbox.swift */,
			);
			path = ShoppingList;
			sourceTree = "<group>";
		};
		8BD7EA062B29345B007B2FA5 /* NewList */ = {
			isa = PBXGroup;
			children = (
				8BD7EA072B293471007B2FA5 /* NewListModalView.swift */,
				8BD7EA092B2934E0007B2FA5 /* NewListModalViewModel.swift */,
			);
			path = NewList;
			sourceTree = "<group>";
		};
		8BD7EA0D2B2A7652007B2FA5 /* NewItem */ = {
			isa = PBXGroup;
			children = (
				8BD7EA0E2B2A7676007B2FA5 /* NewItemModalViewModel.swift */,
				8BD7EA0B2B2A764D007B2FA5 /* NewItemModalView.swift */,
			);
			path = NewItem;
			sourceTree = "<group>";
		};
/* End PBXGroup section */

/* Begin PBXNativeTarget section */
		8BD7E9D12B265962007B2FA5 /* ShoppingBuddy */ = {
			isa = PBXNativeTarget;
			buildConfigurationList = 8BD7E9E02B265963007B2FA5 /* Build configuration list for PBXNativeTarget "ShoppingBuddy" */;
			buildPhases = (
				8BD7E9CE2B265962007B2FA5 /* Sources */,
				8BD7E9CF2B265962007B2FA5 /* Frameworks */,
				8BD7E9D02B265962007B2FA5 /* Resources */,
			);
			buildRules = (
			);
			dependencies = (
			);
			name = ShoppingBuddy;
			productName = ShoppingBuddy;
			productReference = 8BD7E9D22B265962007B2FA5 /* ShoppingBuddy.app */;
			productType = "com.apple.product-type.application";
		};
/* End PBXNativeTarget section */

/* Begin PBXProject section */
		8BD7E9CA2B265962007B2FA5 /* Project object */ = {
			isa = PBXProject;
			attributes = {
				BuildIndependentTargetsInParallel = 1;
				LastSwiftUpdateCheck = 1500;
				LastUpgradeCheck = 1500;
				TargetAttributes = {
					8BD7E9D12B265962007B2FA5 = {
						CreatedOnToolsVersion = 15.0.1;
					};
				};
			};
			buildConfigurationList = 8BD7E9CD2B265962007B2FA5 /* Build configuration list for PBXProject "ShoppingBuddy" */;
			compatibilityVersion = "Xcode 14.0";
			developmentRegion = en;
			hasScannedForEncodings = 0;
			knownRegions = (
				en,
				pl,
			);
			mainGroup = 8BD7E9C92B265962007B2FA5;
			productRefGroup = 8BD7E9D32B265962007B2FA5 /* Products */;
			projectDirPath = "";
			projectRoot = "";
			targets = (
				8BD7E9D12B265962007B2FA5 /* ShoppingBuddy */,
			);
		};
/* End PBXProject section */

/* Begin PBXResourcesBuildPhase section */
		8BD7E9D02B265962007B2FA5 /* Resources */ = {
			isa = PBXResourcesBuildPhase;
			buildActionMask = 2147483647;
			files = (
				8BD7E9DD2B265963007B2FA5 /* Preview Assets.xcassets in Resources */,
				8BD7E9DA2B265963007B2FA5 /* Assets.xcassets in Resources */,
				8BFEDE3E2B2E8B43005BC621 /* Localizable.xcstrings in Resources */,
			);
			runOnlyForDeploymentPostprocessing = 0;
		};
/* End PBXResourcesBuildPhase section */

/* Begin PBXSourcesBuildPhase section */
		8BD7E9CE2B265962007B2FA5 /* Sources */ = {
			isa = PBXSourcesBuildPhase;
			buildActionMask = 2147483647;
			files = (
				8B49FEC02B311AA2008881BB /* BundlesListViewModel.swift in Sources */,
				8B49FECB2B326494008881BB /* BundlesNavigationView.swift in Sources */,
				8B49FEB82B310842008881BB /* BagCheckbox.swift in Sources */,
				8BD7E9FF2B27D562007B2FA5 /* ShoppingListError.swift in Sources */,
				8BD7E9EA2B267038007B2FA5 /* ListView.swift in Sources */,
				8BD7EA082B293471007B2FA5 /* NewListModalView.swift in Sources */,
				8BD7E9FB2B27D03B007B2FA5 /* ShoppingListRepository.swift in Sources */,
				8BD7E9FD2B27D109007B2FA5 /* InMemoryShoppingListRepository.swift in Sources */,
				8B49FECD2B326515008881BB /* BundlesNavigationViewModel.swift in Sources */,
				8B49FEC62B311BF5008881BB /* InMemoryShoppingBundleRepository.swift in Sources */,
				8BD7EA0A2B2934E0007B2FA5 /* NewListModalViewModel.swift in Sources */,
				8BD7E9F42B268797007B2FA5 /* ShoppingListView.swift in Sources */,
				8B49FEBE2B3118C9008881BB /* EmptyBundlesListView.swift in Sources */,
				8BD7E9EF2B26721D007B2FA5 /* ShoppingList.swift in Sources */,
				8BD7E9F22B26800D007B2FA5 /* ListElementView.swift in Sources */,
				8BD7EA132B2BD779007B2FA5 /* AddItemButton.swift in Sources */,
				8BD7EA052B27F896007B2FA5 /* InMemoryRepository.swift in Sources */,
				8BD7E9D82B265962007B2FA5 /* MainView.swift in Sources */,
				8B49FEC42B311BA9008881BB /* ShoppingBundleRepository.swift in Sources */,
				8BD7E9D62B265962007B2FA5 /* ShoppingBuddy.swift in Sources */,
				8B49FEC82B311C37008881BB /* BundleError.swift in Sources */,
				8BD7EA0F2B2A7676007B2FA5 /* NewItemModalViewModel.swift in Sources */,
				8BFEDE402B2E8EFD005BC621 /* EmptyShoppingListView.swift in Sources */,
				8BD7EA0C2B2A764D007B2FA5 /* NewItemModalView.swift in Sources */,
				8B49FEC22B311AE1008881BB /* ShoppingBundle.swift in Sources */,
				8BD7EA112B2BD4F5007B2FA5 /* ShoppingListItemView.swift in Sources */,
				8BD7E9F62B268A9E007B2FA5 /* ListViewModel.swift in Sources */,
				8BD7EA032B27D8E9007B2FA5 /* ShoppingListViewModel.swift in Sources */,
				8B49FEBC2B31140A008881BB /* BundlesListView.swift in Sources */,
				8BD7E9EC2B26719B007B2FA5 /* Mocks.swift in Sources */,
				8BD7E9F82B268CD0007B2FA5 /* LoadingView.swift in Sources */,
				8B7814812B2E945E00C472ED /* ClearDoneButton.swift in Sources */,
			);
			runOnlyForDeploymentPostprocessing = 0;
		};
/* End PBXSourcesBuildPhase section */

/* Begin XCBuildConfiguration section */
		8BD7E9DE2B265963007B2FA5 /* Debug */ = {
			isa = XCBuildConfiguration;
			buildSettings = {
				ALWAYS_SEARCH_USER_PATHS = NO;
				ASSETCATALOG_COMPILER_GENERATE_SWIFT_ASSET_SYMBOL_EXTENSIONS = YES;
				CLANG_ANALYZER_NONNULL = YES;
				CLANG_ANALYZER_NUMBER_OBJECT_CONVERSION = YES_AGGRESSIVE;
				CLANG_CXX_LANGUAGE_STANDARD = "gnu++20";
				CLANG_ENABLE_MODULES = YES;
				CLANG_ENABLE_OBJC_ARC = YES;
				CLANG_ENABLE_OBJC_WEAK = YES;
				CLANG_WARN_BLOCK_CAPTURE_AUTORELEASING = YES;
				CLANG_WARN_BOOL_CONVERSION = YES;
				CLANG_WARN_COMMA = YES;
				CLANG_WARN_CONSTANT_CONVERSION = YES;
				CLANG_WARN_DEPRECATED_OBJC_IMPLEMENTATIONS = YES;
				CLANG_WARN_DIRECT_OBJC_ISA_USAGE = YES_ERROR;
				CLANG_WARN_DOCUMENTATION_COMMENTS = YES;
				CLANG_WARN_EMPTY_BODY = YES;
				CLANG_WARN_ENUM_CONVERSION = YES;
				CLANG_WARN_INFINITE_RECURSION = YES;
				CLANG_WARN_INT_CONVERSION = YES;
				CLANG_WARN_NON_LITERAL_NULL_CONVERSION = YES;
				CLANG_WARN_OBJC_IMPLICIT_RETAIN_SELF = YES;
				CLANG_WARN_OBJC_LITERAL_CONVERSION = YES;
				CLANG_WARN_OBJC_ROOT_CLASS = YES_ERROR;
				CLANG_WARN_QUOTED_INCLUDE_IN_FRAMEWORK_HEADER = YES;
				CLANG_WARN_RANGE_LOOP_ANALYSIS = YES;
				CLANG_WARN_STRICT_PROTOTYPES = YES;
				CLANG_WARN_SUSPICIOUS_MOVE = YES;
				CLANG_WARN_UNGUARDED_AVAILABILITY = YES_AGGRESSIVE;
				CLANG_WARN_UNREACHABLE_CODE = YES;
				CLANG_WARN__DUPLICATE_METHOD_MATCH = YES;
				COPY_PHASE_STRIP = NO;
				DEBUG_INFORMATION_FORMAT = dwarf;
				ENABLE_STRICT_OBJC_MSGSEND = YES;
				ENABLE_TESTABILITY = YES;
				ENABLE_USER_SCRIPT_SANDBOXING = YES;
				GCC_C_LANGUAGE_STANDARD = gnu17;
				GCC_DYNAMIC_NO_PIC = NO;
				GCC_NO_COMMON_BLOCKS = YES;
				GCC_OPTIMIZATION_LEVEL = 0;
				GCC_PREPROCESSOR_DEFINITIONS = (
					"DEBUG=1",
					"$(inherited)",
				);
				GCC_WARN_64_TO_32_BIT_CONVERSION = YES;
				GCC_WARN_ABOUT_RETURN_TYPE = YES_ERROR;
				GCC_WARN_UNDECLARED_SELECTOR = YES;
				GCC_WARN_UNINITIALIZED_AUTOS = YES_AGGRESSIVE;
				GCC_WARN_UNUSED_FUNCTION = YES;
				GCC_WARN_UNUSED_VARIABLE = YES;
				IPHONEOS_DEPLOYMENT_TARGET = 17.0;
				LOCALIZATION_PREFERS_STRING_CATALOGS = YES;
				MTL_ENABLE_DEBUG_INFO = INCLUDE_SOURCE;
				MTL_FAST_MATH = YES;
				ONLY_ACTIVE_ARCH = YES;
				SDKROOT = iphoneos;
				SWIFT_ACTIVE_COMPILATION_CONDITIONS = "DEBUG $(inherited)";
				SWIFT_OPTIMIZATION_LEVEL = "-Onone";
			};
			name = Debug;
		};
		8BD7E9DF2B265963007B2FA5 /* Release */ = {
			isa = XCBuildConfiguration;
			buildSettings = {
				ALWAYS_SEARCH_USER_PATHS = NO;
				ASSETCATALOG_COMPILER_GENERATE_SWIFT_ASSET_SYMBOL_EXTENSIONS = YES;
				CLANG_ANALYZER_NONNULL = YES;
				CLANG_ANALYZER_NUMBER_OBJECT_CONVERSION = YES_AGGRESSIVE;
				CLANG_CXX_LANGUAGE_STANDARD = "gnu++20";
				CLANG_ENABLE_MODULES = YES;
				CLANG_ENABLE_OBJC_ARC = YES;
				CLANG_ENABLE_OBJC_WEAK = YES;
				CLANG_WARN_BLOCK_CAPTURE_AUTORELEASING = YES;
				CLANG_WARN_BOOL_CONVERSION = YES;
				CLANG_WARN_COMMA = YES;
				CLANG_WARN_CONSTANT_CONVERSION = YES;
				CLANG_WARN_DEPRECATED_OBJC_IMPLEMENTATIONS = YES;
				CLANG_WARN_DIRECT_OBJC_ISA_USAGE = YES_ERROR;
				CLANG_WARN_DOCUMENTATION_COMMENTS = YES;
				CLANG_WARN_EMPTY_BODY = YES;
				CLANG_WARN_ENUM_CONVERSION = YES;
				CLANG_WARN_INFINITE_RECURSION = YES;
				CLANG_WARN_INT_CONVERSION = YES;
				CLANG_WARN_NON_LITERAL_NULL_CONVERSION = YES;
				CLANG_WARN_OBJC_IMPLICIT_RETAIN_SELF = YES;
				CLANG_WARN_OBJC_LITERAL_CONVERSION = YES;
				CLANG_WARN_OBJC_ROOT_CLASS = YES_ERROR;
				CLANG_WARN_QUOTED_INCLUDE_IN_FRAMEWORK_HEADER = YES;
				CLANG_WARN_RANGE_LOOP_ANALYSIS = YES;
				CLANG_WARN_STRICT_PROTOTYPES = YES;
				CLANG_WARN_SUSPICIOUS_MOVE = YES;
				CLANG_WARN_UNGUARDED_AVAILABILITY = YES_AGGRESSIVE;
				CLANG_WARN_UNREACHABLE_CODE = YES;
				CLANG_WARN__DUPLICATE_METHOD_MATCH = YES;
				COPY_PHASE_STRIP = NO;
				DEBUG_INFORMATION_FORMAT = "dwarf-with-dsym";
				ENABLE_NS_ASSERTIONS = NO;
				ENABLE_STRICT_OBJC_MSGSEND = YES;
				ENABLE_USER_SCRIPT_SANDBOXING = YES;
				GCC_C_LANGUAGE_STANDARD = gnu17;
				GCC_NO_COMMON_BLOCKS = YES;
				GCC_WARN_64_TO_32_BIT_CONVERSION = YES;
				GCC_WARN_ABOUT_RETURN_TYPE = YES_ERROR;
				GCC_WARN_UNDECLARED_SELECTOR = YES;
				GCC_WARN_UNINITIALIZED_AUTOS = YES_AGGRESSIVE;
				GCC_WARN_UNUSED_FUNCTION = YES;
				GCC_WARN_UNUSED_VARIABLE = YES;
				IPHONEOS_DEPLOYMENT_TARGET = 17.0;
				LOCALIZATION_PREFERS_STRING_CATALOGS = YES;
				MTL_ENABLE_DEBUG_INFO = NO;
				MTL_FAST_MATH = YES;
				SDKROOT = iphoneos;
				SWIFT_COMPILATION_MODE = wholemodule;
				VALIDATE_PRODUCT = YES;
			};
			name = Release;
		};
		8BD7E9E12B265963007B2FA5 /* Debug */ = {
			isa = XCBuildConfiguration;
			buildSettings = {
				ASSETCATALOG_COMPILER_APPICON_NAME = AppIcon;
				ASSETCATALOG_COMPILER_GLOBAL_ACCENT_COLOR_NAME = AccentColor;
				CODE_SIGN_STYLE = Automatic;
				CURRENT_PROJECT_VERSION = 1;
				DEVELOPMENT_ASSET_PATHS = "\"ShoppingBuddy/Preview Content\"";
				DEVELOPMENT_TEAM = ZUXW52WVVM;
				ENABLE_PREVIEWS = YES;
				GENERATE_INFOPLIST_FILE = YES;
				INFOPLIST_KEY_CFBundleDisplayName = ShoppingBuddy;
				INFOPLIST_KEY_UIApplicationSceneManifest_Generation = YES;
				INFOPLIST_KEY_UIApplicationSupportsIndirectInputEvents = YES;
				INFOPLIST_KEY_UILaunchScreen_Generation = YES;
				INFOPLIST_KEY_UISupportedInterfaceOrientations = "UIInterfaceOrientationLandscapeLeft UIInterfaceOrientationLandscapeRight UIInterfaceOrientationPortrait";
				INFOPLIST_KEY_UISupportedInterfaceOrientations_iPad = UIInterfaceOrientationPortrait;
				LD_RUNPATH_SEARCH_PATHS = (
					"$(inherited)",
					"@executable_path/Frameworks",
				);
				MARKETING_VERSION = 0.1;
				PRODUCT_BUNDLE_IDENTIFIER = io.peteef.ShoppingBuddy;
				PRODUCT_NAME = "$(TARGET_NAME)";
				SWIFT_EMIT_LOC_STRINGS = YES;
				SWIFT_VERSION = 5.0;
				TARGETED_DEVICE_FAMILY = "1,2";
			};
			name = Debug;
		};
		8BD7E9E22B265963007B2FA5 /* Release */ = {
			isa = XCBuildConfiguration;
			buildSettings = {
				ASSETCATALOG_COMPILER_APPICON_NAME = AppIcon;
				ASSETCATALOG_COMPILER_GLOBAL_ACCENT_COLOR_NAME = AccentColor;
				CODE_SIGN_STYLE = Automatic;
				CURRENT_PROJECT_VERSION = 1;
				DEVELOPMENT_ASSET_PATHS = "\"ShoppingBuddy/Preview Content\"";
				DEVELOPMENT_TEAM = ZUXW52WVVM;
				ENABLE_PREVIEWS = YES;
				GENERATE_INFOPLIST_FILE = YES;
				INFOPLIST_KEY_CFBundleDisplayName = ShoppingBuddy;
				INFOPLIST_KEY_UIApplicationSceneManifest_Generation = YES;
				INFOPLIST_KEY_UIApplicationSupportsIndirectInputEvents = YES;
				INFOPLIST_KEY_UILaunchScreen_Generation = YES;
				INFOPLIST_KEY_UISupportedInterfaceOrientations = "UIInterfaceOrientationLandscapeLeft UIInterfaceOrientationLandscapeRight UIInterfaceOrientationPortrait";
				INFOPLIST_KEY_UISupportedInterfaceOrientations_iPad = UIInterfaceOrientationPortrait;
				LD_RUNPATH_SEARCH_PATHS = (
					"$(inherited)",
					"@executable_path/Frameworks",
				);
				MARKETING_VERSION = 0.1;
				PRODUCT_BUNDLE_IDENTIFIER = io.peteef.ShoppingBuddy;
				PRODUCT_NAME = "$(TARGET_NAME)";
				SWIFT_EMIT_LOC_STRINGS = YES;
				SWIFT_VERSION = 5.0;
				TARGETED_DEVICE_FAMILY = "1,2";
			};
			name = Release;
		};
/* End XCBuildConfiguration section */

/* Begin XCConfigurationList section */
		8BD7E9CD2B265962007B2FA5 /* Build configuration list for PBXProject "ShoppingBuddy" */ = {
			isa = XCConfigurationList;
			buildConfigurations = (
				8BD7E9DE2B265963007B2FA5 /* Debug */,
				8BD7E9DF2B265963007B2FA5 /* Release */,
			);
			defaultConfigurationIsVisible = 0;
			defaultConfigurationName = Release;
		};
		8BD7E9E02B265963007B2FA5 /* Build configuration list for PBXNativeTarget "ShoppingBuddy" */ = {
			isa = XCConfigurationList;
			buildConfigurations = (
				8BD7E9E12B265963007B2FA5 /* Debug */,
				8BD7E9E22B265963007B2FA5 /* Release */,
			);
			defaultConfigurationIsVisible = 0;
			defaultConfigurationName = Release;
		};
/* End XCConfigurationList section */
	};
	rootObject = 8BD7E9CA2B265962007B2FA5 /* Project object */;
}
